version = 1
revision = 3
requires-python = ">=3.15"

[manifest]
members = [
    "wd-bot",
    "wd-cogs",
    "wd-config",
    "wd-core",
    "wd-db",
    "wd-discord",
    "wd-errors",
    "wd-types",
    "winter-dragon",
]

[[package]]
name = "annotated-types"
version = "0.7.0"
source = { registry = "https://pypi.org/simple" }
sdist = { url = "https://files.pythonhosted.org/packages/ee/67/531ea369ba64dcff5ec9c3402f9f51bf748cec26dde048a2f973a4eea7f5/annotated_types-0.7.0.tar.gz", hash = "sha256:aff07c09a53a08bc8cfccb9c85b05f1aa9a2a6f23728d790723543408344ce89", size = 16081, upload-time = "2024-05-20T21:33:25.928Z" }
wheels = [
    { url = "https://files.pythonhosted.org/packages/78/b6/6307fbef88d9b5ee7421e68d78a9f162e0da4900bc5f5793f6d3d0e34fb8/annotated_types-0.7.0-py3-none-any.whl", hash = "sha256:1f02e8b43a8fbbc3f3e0d4f0f4bfc8131bcb4eebe8849b8e5c773f3a1c582a53", size = 13643, upload-time = "2024-05-20T21:33:24.1Z" },
]

[[package]]
name = "anyio"
version = "4.14.1"
source = { registry = "https://pypi.org/simple" }
dependencies = [
    { name = "idna" },
]
sdist = { url = "https://files.pythonhosted.org/packages/3b/72/5562aabb8dd7181e8e860622a38bea08d17842b99ecd4c91f84ac95251b0/anyio-4.14.1.tar.gz", hash = "sha256:8d648a3544c1a700e3ff78615cd679e4c5c3f149904287e73687b2596963629e", size = 254831, upload-time = "2026-06-24T20:56:06.017Z" }
wheels = [
    { url = "https://files.pythonhosted.org/packages/b0/7b/90df4a0a816d98d6ea26f559d87836d494a2cf1fcf063be67df50a7bcc30/anyio-4.14.1-py3-none-any.whl", hash = "sha256:4e5533c5b8ff0a24f5d7a176cbe6877129cd183893f66b537f8f227d10527d72", size = 124875, upload-time = "2026-06-24T20:56:04.413Z" },
]

[[package]]
name = "certifi"
version = "2026.6.17"
source = { registry = "https://pypi.org/simple" }
sdist = { url = "https://files.pythonhosted.org/packages/c9/c7/424b75da314c1045981bd9777432fad05a9e0c69daa4ed7e308bbaffe405/certifi-2026.6.17.tar.gz", hash = "sha256:024c88eeec92ca068db80f02b8b07c9cef7b9fe261d1d535abfd5abd6f6af432", size = 134594, upload-time = "2026-06-17T10:31:07.894Z" }
wheels = [
    { url = "https://files.pythonhosted.org/packages/ef/2f/c5464532e965badff2f4c4c1a3a83f5697f0d7c407ed0cda44aaa99bb451/certifi-2026.6.17-py3-none-any.whl", hash = "sha256:2227dcbaafe0d2f59279d1762ddddc37783ed4354594f194ffc31d20f41fc3db", size = 133289, upload-time = "2026-06-17T10:31:06.348Z" },
]

[[package]]
name = "click"
version = "8.4.2"
source = { registry = "https://pypi.org/simple" }
dependencies = [
    { name = "colorama", marker = "sys_platform == 'win32'" },
]
sdist = { url = "https://files.pythonhosted.org/packages/76/d4/81420972a676e8ffea40450d8c8c92943e7218a78fe9b64359836cc9876b/click-8.4.2.tar.gz", hash = "sha256:9a6cea6e60b17ebe0a44c5cc636d94f09bd66142c1cd7d8b4cd731c4917a15f6", size = 338000, upload-time = "2026-06-24T17:45:15.148Z" }
wheels = [
    { url = "https://files.pythonhosted.org/packages/fb/e2/79c688af8b210d232694e31e59da9f6ec747bae31c3f5946e4e9b98860d5/click-8.4.2-py3-none-any.whl", hash = "sha256:e6f9f66136c816745b9d65817da91d61d957fb16e02e4dcd0552553c5a197b76", size = 119243, upload-time = "2026-06-24T17:45:13.73Z" },
]

[[package]]
name = "colorama"
version = "0.4.6"
source = { registry = "https://pypi.org/simple" }
sdist = { url = "https://files.pythonhosted.org/packages/d8/53/6f443c9a4a8358a93a6792e2acffb9d9d5cb0a5cfd8802644b7b1c9a02e4/colorama-0.4.6.tar.gz", hash = "sha256:08695f5cb7ed6e0531a20572697297273c47b8cae5a63ffc6d6ed5c201be6e44", size = 27697, upload-time = "2022-10-25T02:36:22.414Z" }
wheels = [
    { url = "https://files.pythonhosted.org/packages/d1/d6/3965ed04c63042e047cb6a3e6ed1a63a35087b6a609aa3a15ed8ac56c221/colorama-0.4.6-py2.py3-none-any.whl", hash = "sha256:4f1d9991f5acc0ca119f9d443620b77f9d6b33703e51011c16baf57afb285fc6", size = 25335, upload-time = "2022-10-25T02:36:20.889Z" },
]

[[package]]
name = "confkit"
version = "2.0.0"
source = { registry = "https://pypi.org/simple" }
sdist = { url = "https://files.pythonhosted.org/packages/d2/07/69d8a7124c3661c106c97a2d05e26225c7f7b0bea3971a0c41ba3996d17f/confkit-2.0.0.tar.gz", hash = "sha256:75b9fe3485af5ed9e1a71c6899bc5615d5d55721716e633c9c1e4fc29dfc3102", size = 63556, upload-time = "2026-04-12T20:47:59.991Z" }
wheels = [
    { url = "https://files.pythonhosted.org/packages/5c/50/06471f0f70fde70d9a5835cfd39133cd1d0c42e0902c44096fa8c6471f81/confkit-2.0.0-py3-none-any.whl", hash = "sha256:1858c0a640a30faea8dc4f2cace73d95ed7928641fdb3683dce13109970c21e2", size = 20486, upload-time = "2026-04-12T20:48:00.725Z" },
]

[[package]]
name = "deepmerge"
version = "3.0"
source = { registry = "https://pypi.org/simple" }
sdist = { url = "https://files.pythonhosted.org/packages/b7/6c/9f4577a36d5f463a3a3f8322bd65d33e1a1a6b6ba1d692a5ebc3cba19015/deepmerge-3.0.tar.gz", hash = "sha256:14ed69f063de64b7743985c732ccff5d6c34ff4560946e7fbfd99086b853b9ce", size = 22279, upload-time = "2026-08-17T05:50:53.161Z" }
wheels = [
    { url = "https://files.pythonhosted.org/packages/a8/d7/7f19bedd30b90b72865aeec3a29127bed6dee6c9ef0324bb5b4d424bb0e3/deepmerge-3.0-py3-none-any.whl", hash = "sha256:c8541c3e186dc88d19a5513ad3a0b2d0b22beaa780969fc0c13b995a64265365", size = 14855, upload-time = "2026-08-17T05:50:52.218Z" },
]

[[package]]
name = "greenlet"
version = "3.5.3"
source = { registry = "https://pypi.org/simple" }
sdist = { url = "https://files.pythonhosted.org/packages/e2/f1/fbbfef6af0bad0548f09bc28948ea3c275b4edb19e17fc5ca9900a6a634d/greenlet-3.5.3.tar.gz", hash = "sha256:a61efc018fd3eb317eeca31aba90ee9e7f26f22884a79b6c6ec715bf71bb62f1", size = 200270, upload-time = "2026-06-26T19:28:24.832Z" }
wheels = [
    { url = "https://files.pythonhosted.org/packages/2c/8a/93928dce91e6b3598b5e779e8d1fd6576a504640c58e78627077f6a7a91a/greenlet-3.5.3-cp315-cp315-macosx_11_0_universal2.whl", hash = "sha256:ea03f2f04367845d6b58eeed276e1e56e51f0b97d8ad5a88a7d20a91dc9056cc", size = 288860, upload-time = "2026-06-26T18:22:48.07Z" },
    { url = "https://files.pythonhosted.org/packages/4f/ca/69db42d447a1378043e2c8f19c09cbbd1263371505053c496b49066d3d16/greenlet-3.5.3-cp315-cp315-manylinux_2_24_aarch64.manylinux_2_28_aarch64.whl", hash = "sha256:78dbef602fda6d97d957eb7937f70c9ce9e9527330347f8f6b6f9e554a9e7a47", size = 659747, upload-time = "2026-06-26T19:07:15.565Z" },
    { url = "https://files.pythonhosted.org/packages/a8/0b/af7ac2ef8dd41e3da1a40dda6305c23b9a03e13ba975ec916357b50f8575/greenlet-3.5.3-cp315-cp315-manylinux_2_24_ppc64le.manylinux_2_28_ppc64le.whl", hash = "sha256:6f73857adb8fee13fa56c172bd11262f888c0c648f9fea113e777bb2c7904a81", size = 670419, upload-time = "2026-06-26T19:10:12.293Z" },
    { url = "https://files.pythonhosted.org/packages/51/1e/1d51640cacbfc455dbe9f9a9f594c49e4e244f63b9971a2f4764e46cc53d/greenlet-3.5.3-cp315-cp315-manylinux_2_24_x86_64.manylinux_2_28_x86_64.whl", hash = "sha256:232fec92e823addaf02d9472cf7381e24a1d046a6ced1103c5caa4c21b9dfc1d", size = 668787, upload-time = "2026-06-26T18:32:24.298Z" },
    { url = "https://files.pythonhosted.org/packages/21/66/4030d5b0b5894500023f003bb054d9bb354dfbd1e186c3a296759172f5f5/greenlet-3.5.3-cp315-cp315-musllinux_1_2_aarch64.whl", hash = "sha256:2421c3564da9429d5586d46ca31ebb26516b5498a802cf65c041a8e8a8980d34", size = 1626305, upload-time = "2026-06-26T19:09:08.281Z" },
    { url = "https://files.pythonhosted.org/packages/0e/50/5221371c7550108dfa3c378debc41d032aa9c78e89abb01d8011cfc93289/greenlet-3.5.3-cp315-cp315-musllinux_1_2_x86_64.whl", hash = "sha256:e0f0d160f0b2e558e6c75f7930967183255dc9735e5f5b8cae58ee09c9576d8b", size = 1688631, upload-time = "2026-06-26T18:31:51.278Z" },
    { url = "https://files.pythonhosted.org/packages/68/5d/00d469daae3c65d2bf620b10eee82eb022127d483c6bc8c69fae6f3fbf17/greenlet-3.5.3-cp315-cp315-win_amd64.whl", hash = "sha256:dd99329bbc15ca78dcc583dba05d0b1b0bae01ab6c2174989f5aaee3e41ac930", size = 241027, upload-time = "2026-06-26T18:22:38.203Z" },
    { url = "https://files.pythonhosted.org/packages/e7/e8/883785b44c5780ed71e83d3e4437e710470be17a2e181e8b601e2da0dc4a/greenlet-3.5.3-cp315-cp315-win_arm64.whl", hash = "sha256:499fef2acede88c1864a57bb586b4bf533c81e1b82df7ab93451cdb47dfec227", size = 240085, upload-time = "2026-06-26T18:23:54.217Z" },
    { url = "https://files.pythonhosted.org/packages/1c/da/4f4a8450962fad137c1c8981a3f1b8919d06c829993d4d476f9c525d5173/greenlet-3.5.3-cp315-cp315t-macosx_11_0_universal2.whl", hash = "sha256:176bc16a721fa5fc294d70b87b4dfa5fbdd251b3da5d5372735ecef9bd7d6d0c", size = 297221, upload-time = "2026-06-26T18:23:27.176Z" },
    { url = "https://files.pythonhosted.org/packages/57/66/b3bfae3e220a9b63ea539a0eea681800c69ab1aada757eae8789f183e7ce/greenlet-3.5.3-cp315-cp315t-manylinux_2_24_aarch64.manylinux_2_28_aarch64.whl", hash = "sha256:629b614d2b786e89c50440e246f33eea78f58a962d0bdbbcc809e6d13605903f", size = 657221, upload-time = "2026-06-26T19:07:16.973Z" },
    { url = "https://files.pythonhosted.org/packages/7b/81/b6d4d73a709684fc77e7fa034d7c2fe82cffa9fc920fadcaa659c2626213/greenlet-3.5.3-cp315-cp315t-manylinux_2_24_ppc64le.manylinux_2_28_ppc64le.whl", hash = "sha256:2b2e857ae16f5f72142edf75f9f176fe7526ba19a2841df1420516f83831c9f2", size = 663226, upload-time = "2026-06-26T19:10:13.723Z" },
    { url = "https://files.pythonhosted.org/packages/f5/07/e210b02b589f16e74ff48b730690e4a34ffe984219fce4f3c1a0e7ec8545/greenlet-3.5.3-cp315-cp315t-manylinux_2_24_x86_64.manylinux_2_28_x86_64.whl", hash = "sha256:e515757e2e36bcbf1fad09a46e1557e8b1ae1797d4b44d09da7deed88ad28608", size = 660802, upload-time = "2026-06-26T18:32:26.081Z" },
    { url = "https://files.pythonhosted.org/packages/eb/2e/5303eb3fa06bca089060f479707182a93e360683bc252acf846c3090d34e/greenlet-3.5.3-cp315-cp315t-musllinux_1_2_aarch64.whl", hash = "sha256:b363d46ed1ea431825fdb01471bb024fc08399bad1572a616e853c7684415adb", size = 1622157, upload-time = "2026-06-26T19:09:09.527Z" },
    { url = "https://files.pythonhosted.org/packages/54/70/50de47a488f14df260b50ae34fb5d56016e308b098eab02c878b5223c26a/greenlet-3.5.3-cp315-cp315t-musllinux_1_2_x86_64.whl", hash = "sha256:e44da2f5bbdaabaf7d80b73dbb430c7035771e9f244e3c8b769715c9d8fa0a16", size = 1681159, upload-time = "2026-06-26T18:31:52.986Z" },
    { url = "https://files.pythonhosted.org/packages/a7/13/1055e1dda7882073eda533e2b96c62e55bbd2db7fda6d5ece992febc7071/greenlet-3.5.3-cp315-cp315t-win_amd64.whl", hash = "sha256:8ff8bed3e3baa20a3ea261ce00526f1898ad4801d4886fd2220580ee0ad8fadf", size = 244007, upload-time = "2026-06-26T18:22:04.353Z" },
    { url = "https://files.pythonhosted.org/packages/b4/0d/ca7d15afbdc397e3401134c9e1800d51d12b829661786187a4ad08fe484f/greenlet-3.5.3-cp315-cp315t-win_arm64.whl", hash = "sha256:b7068bd09f761f3f5b4d214c2bed063186b2a86148c740b3873e3f56d79bac31", size = 242586, upload-time = "2026-06-26T18:23:37.93Z" },
]

[[package]]
name = "h11"
version = "0.16.0"
source = { registry = "https://pypi.org/simple" }
sdist = { url = "https://files.pythonhosted.org/packages/01/ee/02a2c011bdab74c6fb3c75474d40b3052059d95df7e73351460c8588d963/h11-0.16.0.tar.gz", hash = "sha256:4e35b956cf45792e4caa5885e69fba00bdbc6ffafbfa020300e549b208ee5ff1", size = 101250, upload-time = "2025-04-24T03:35:25.427Z" }
wheels = [
    { url = "https://files.pythonhosted.org/packages/04/4b/29cac41a4d98d144bf5f6d33995617b185d14b22401f75ca86f384e87ff1/h11-0.16.0-py3-none-any.whl", hash = "sha256:63cf8bbe7522de3bf65932fda1d9c2772064ffb3dae62d55932da54b31cb6c86", size = 37515, upload-time = "2025-04-24T03:35:24.344Z" },
]

[[package]]
name = "herogold"
version = "3.6.0"
source = { registry = "https://pypi.org/simple" }
dependencies = [
    { name = "confkit" },
    { name = "httpxyz" },
    { name = "sqlmodel" },
    { name = "typing-extensions" },
    { name = "watchdog" },
]
sdist = { url = "https://files.pythonhosted.org/packages/92/da/67088fef13dcc1140104744ed61d50b70d14c2bd4fa4915d9186213eaca3/herogold-3.6.0.tar.gz", hash = "sha256:5eff94f71e80da7881490f4ab0294b82737de6a500d4a8a8b3edea17092b8663", size = 49557, upload-time = "2026-06-08T18:16:04.422Z" }
wheels = [
    { url = "https://files.pythonhosted.org/packages/bb/46/f64ff7e06807a62951541b877a647225405803a60eaf9edb67bb1eb70653/herogold-3.6.0-py3-none-any.whl", hash = "sha256:2a28696bb02fed1c062c235c0eec7de619db73f898f0f3822f39d69de9c6d3b4", size = 44406, upload-time = "2026-06-08T18:16:03.382Z" },
]

[package.optional-dependencies]
orm = [
    { name = "confkit" },
    { name = "sqlmodel" },
]

[[package]]
name = "httpcorexyz"
version = "1.1.1"
source = { registry = "https://pypi.org/simple" }
dependencies = [
    { name = "certifi" },
    { name = "h11" },
]
sdist = { url = "https://files.pythonhosted.org/packages/55/51/60ffabfde3a23b4dd37d97b7f78271e466ce9a1e719bf39d6b94ac59c10c/httpcorexyz-1.1.1.tar.gz", hash = "sha256:0b8dbbe8ffaccd20b7c755d92129f9fb04a23f2ef22b32ff82e2d1c7fcfee803", size = 96629, upload-time = "2026-05-08T08:36:25.192Z" }
wheels = [
    { url = "https://files.pythonhosted.org/packages/8e/f0/8597741d1455fc810c753d177120815925666a8c15f86e9cb8b6e5969479/httpcorexyz-1.1.1-py3-none-any.whl", hash = "sha256:58becd21f127c0a846813d0705f9e0c27c16c867bb436813667f569d4f0ba94e", size = 83392, upload-time = "2026-05-08T08:36:23.058Z" },
]

[[package]]
name = "httpxyz"
version = "0.31.2"
source = { registry = "https://pypi.org/simple" }
dependencies = [
    { name = "anyio" },
    { name = "certifi" },
    { name = "httpcorexyz" },
    { name = "idna" },
]
sdist = { url = "https://files.pythonhosted.org/packages/21/6a/700053e47397c1d7bfa05255e3414ece964b21da2c1f7b622306eabe4dac/httpxyz-0.31.2.tar.gz", hash = "sha256:da96c2f35c724023b9395b1df718f7d52d049b8424a0c919ca0fe2b64dce73a0", size = 149638, upload-time = "2026-05-08T13:21:13.686Z" }
wheels = [
    { url = "https://files.pythonhosted.org/packages/65/d7/45f259608b8ce844a8a05c5a9f2e363e94d598d7a782d3ad2a7682c11605/httpxyz-0.31.2-py3-none-any.whl", hash = "sha256:1e8058b7324aaf875efb6b4cf5a5a423f4ac101fd4af515349fb4e1d3e4d4441", size = 76949, upload-time = "2026-05-08T13:21:12.471Z" },
]

[[package]]
name = "idna"
version = "3.18"
source = { registry = "https://pypi.org/simple" }
sdist = { url = "https://files.pythonhosted.org/packages/cd/63/9496c57188a2ee585e0f1db071d75089a11e98aa86eb99d9d7618fc1edce/idna-3.18.tar.gz", hash = "sha256:ffb385a7e039654cef1ab9ef32c6fafe283c0c0467bba1d9029738ce4a14a848", size = 196711, upload-time = "2026-06-02T14:34:07.794Z" }
wheels = [
    { url = "https://files.pythonhosted.org/packages/1e/5e/d4e9f1a599fb8e573b7b87160658329fbf28d19eac2718f51fc3def3aa5a/idna-3.18-py3-none-any.whl", hash = "sha256:7f952cbe720b688055e3f87de14f5c3e5fdaa8bc3928985c4077ca689de849a2", size = 65455, upload-time = "2026-06-02T14:34:06.319Z" },
]

[[package]]
name = "iniconfig"
version = "2.3.0"
source = { registry = "https://pypi.org/simple" }
sdist = { url = "https://files.pythonhosted.org/packages/72/34/14ca021ce8e5dfedc35312d08ba8bf51fdd999c576889fc2c24cb97f4f10/iniconfig-2.3.0.tar.gz", hash = "sha256:c76315c77db068650d49c5b56314774a7804df16fee4402c1f19d6d15d8c4730", size = 20503, upload-time = "2025-10-18T21:55:43.219Z" }
wheels = [
    { url = "https://files.pythonhosted.org/packages/cb/b1/3846dd7f199d53cb17f49cba7e651e9ce294d8497c8c150530ed11865bb8/iniconfig-2.3.0-py3-none-any.whl", hash = "sha256:f631c04d2c48c52b84d0d0549c99ff3859c98df65b3101406327ecc7d53fbf12", size = 7484, upload-time = "2025-10-18T21:55:41.639Z" },
]

[[package]]
name = "jinja2"
version = "3.1.6"
source = { registry = "https://pypi.org/simple" }
dependencies = [
    { name = "markupsafe" },
]
sdist = { url = "https://files.pythonhosted.org/packages/df/bf/f7da0350254c0ed7c72f3e33cef02e048281fec7ecec5f032d4aac52226b/jinja2-3.1.6.tar.gz", hash = "sha256:0137fb05990d35f1275a587e9aee6d56da821fc83491a0fb838183be43f66d6d", size = 245115, upload-time = "2025-03-05T20:05:02.478Z" }
wheels = [
    { url = "https://files.pythonhosted.org/packages/62/a1/3d680cbfd5f4b8f15abc1d571870c5fc3e594bb582bc3b64ea099db13e56/jinja2-3.1.6-py3-none-any.whl", hash = "sha256:85ece4451f492d0c13c5dd7c13a64681a86afae63a5f347908daf103ce6d2f67", size = 134899, upload-time = "2025-03-05T20:05:00.369Z" },
]

[[package]]
name = "markdown"
version = "3.10.2"
source = { registry = "https://pypi.org/simple" }
sdist = { url = "https://files.pythonhosted.org/packages/2b/f4/69fa6ed85ae003c2378ffa8f6d2e3234662abd02c10d216c0ba96081a238/markdown-3.10.2.tar.gz", hash = "sha256:994d51325d25ad8aa7ce4ebaec003febcce822c3f8c911e3b17c52f7f589f950", size = 368805, upload-time = "2026-02-09T14:57:26.942Z" }
wheels = [
    { url = "https://files.pythonhosted.org/packages/de/1f/77fa3081e4f66ca3576c896ae5d31c3002ac6607f9747d2e3aa49227e464/markdown-3.10.2-py3-none-any.whl", hash = "sha256:e91464b71ae3ee7afd3017d9f358ef0baf158fd9a298db92f1d4761133824c36", size = 108180, upload-time = "2026-02-09T14:57:25.787Z" },
]

[[package]]
name = "markupsafe"
version = "3.0.3"
source = { registry = "https://pypi.org/simple" }
sdist = { url = "https://files.pythonhosted.org/packages/7e/99/7690b6d4034fffd95959cbe0c02de8deb3098cc577c67bb6a24fe5d7caa7/markupsafe-3.0.3.tar.gz", hash = "sha256:722695808f4b6457b320fdc131280796bdceb04ab50fe1795cd540799ebe1698", size = 80313, upload-time = "2025-09-27T18:37:40.426Z" }

[[package]]
name = "packaging"
version = "26.2"
source = { registry = "https://pypi.org/simple" }
sdist = { url = "https://files.pythonhosted.org/packages/d7/f1/e7a6dd94a8d4a5626c03e4e99c87f241ba9e350cd9e6d75123f992427270/packaging-26.2.tar.gz", hash = "sha256:ff452ff5a3e828ce110190feff1178bb1f2ea2281fa2075aadb987c2fb221661", size = 228134, upload-time = "2026-04-24T20:15:23.917Z" }
wheels = [
    { url = "https://files.pythonhosted.org/packages/df/b2/87e62e8c3e2f4b32e5fe99e0b86d576da1312593b39f47d8ceef365e95ed/packaging-26.2-py3-none-any.whl", hash = "sha256:5fc45236b9446107ff2415ce77c807cee2862cb6fac22b8a73826d0693b0980e", size = 100195, upload-time = "2026-04-24T20:15:22.081Z" },
]

[[package]]
name = "pluggy"
version = "1.6.0"
source = { registry = "https://pypi.org/simple" }
sdist = { url = "https://files.pythonhosted.org/packages/f9/e2/3e91f31a7d2b083fe6ef3fa267035b518369d9511ffab804f839851d2779/pluggy-1.6.0.tar.gz", hash = "sha256:7dcc130b76258d33b90f61b658791dede3486c3e6bfb003ee5c9bfb396dd22f3", size = 69412, upload-time = "2025-05-15T12:30:07.975Z" }
wheels = [
    { url = "https://files.pythonhosted.org/packages/54/20/4d324d65cc6d9205fabedc306948156824eb9f0ee1633355a8f7ec5c66bf/pluggy-1.6.0-py3-none-any.whl", hash = "sha256:e920276dd6813095e9377c0bc5566d94c932c33b27a3e3945d8389c374dd4746", size = 20538, upload-time = "2025-05-15T12:30:06.134Z" },
]

[[package]]
name = "pydantic"
version = "2.13.4"
source = { registry = "https://pypi.org/simple" }
dependencies = [
    { name = "annotated-types" },
    { name = "pydantic-core" },
    { name = "typing-extensions" },
    { name = "typing-inspection" },
]
sdist = { url = "https://files.pythonhosted.org/packages/18/a5/b60d21ac674192f8ab0ba4e9fd860690f9b4a6e51ca5df118733b487d8d6/pydantic-2.13.4.tar.gz", hash = "sha256:c40756b57adaa8b1efeeced5c196f3f3b7c435f90e84ea7f443901bec8099ef6", size = 844775, upload-time = "2026-05-06T13:43:05.343Z" }
wheels = [
    { url = "https://files.pythonhosted.org/packages/fd/7b/122376b1fd3c62c1ed9dc80c931ace4844b3c55407b6fb2d199377c9736f/pydantic-2.13.4-py3-none-any.whl", hash = "sha256:45a282cde31d808236fd7ea9d919b128653c8b38b393d1c4ab335c62924d9aba", size = 472262, upload-time = "2026-05-06T13:43:02.641Z" },
]

[[package]]
name = "pydantic-core"
version = "2.46.4"
source = { registry = "https://pypi.org/simple" }
dependencies = [
    { name = "typing-extensions" },
]
sdist = { url = "https://files.pythonhosted.org/packages/9d/56/921726b776ace8d8f5db44c4ef961006580d91dc52b803c489fafd1aa249/pydantic_core-2.46.4.tar.gz", hash = "sha256:62f875393d7f270851f20523dd2e29f082bcc82292d66db2b64ea71f64b6e1c1", size = 471464, upload-time = "2026-05-06T13:37:06.98Z" }

[[package]]
name = "pygments"
version = "2.20.0"
source = { registry = "https://pypi.org/simple" }
sdist = { url = "https://files.pythonhosted.org/packages/c3/b2/bc9c9196916376152d655522fdcebac55e66de6603a76a02bca1b6414f6c/pygments-2.20.0.tar.gz", hash = "sha256:6757cd03768053ff99f3039c1a36d6c0aa0b263438fcab17520b30a303a82b5f", size = 4955991, upload-time = "2026-03-29T13:29:33.898Z" }
wheels = [
    { url = "https://files.pythonhosted.org/packages/f4/7e/a72dd26f3b0f4f2bf1dd8923c85f7ceb43172af56d63c7383eb62b332364/pygments-2.20.0-py3-none-any.whl", hash = "sha256:81a9e26dd42fd28a23a2d169d86d7ac03b46e2f8b59ed4698fb4785f946d0176", size = 1231151, upload-time = "2026-03-29T13:29:30.038Z" },
]

[[package]]
name = "pymdown-extensions"
version = "11.0"
source = { registry = "https://pypi.org/simple" }
dependencies = [
    { name = "markdown" },
    { name = "pyyaml" },
]
sdist = { url = "https://files.pythonhosted.org/packages/47/67/f1e79672a5f91985577c7984c9709ca110e4fd37fe7fd167b60422e6ccc2/pymdown_extensions-11.0.tar.gz", hash = "sha256:8269cef0247f9e2d0a62fcea10860aba05c1cbab5470fd4b63230b96434dc589", size = 857049, upload-time = "2026-06-23T02:27:45.146Z" }
wheels = [
    { url = "https://files.pythonhosted.org/packages/af/b6/1ae53367e28b9cffa3be7574e13fbe4589694272fd47710fbdbafd3d63c6/pymdown_extensions-11.0-py3-none-any.whl", hash = "sha256:fbc4acb641814fa9d17521bbd21a5240ef739a662f11c06330c4b78c93e954d6", size = 269415, upload-time = "2026-06-23T02:27:43.826Z" },
]

[[package]]
name = "pytest"
version = "9.1.1"
source = { registry = "https://pypi.org/simple" }
dependencies = [
    { name = "colorama", marker = "sys_platform == 'win32'" },
    { name = "iniconfig" },
    { name = "packaging" },
    { name = "pluggy" },
    { name = "pygments" },
]
sdist = { url = "https://files.pythonhosted.org/packages/e4/47/b9efed96c114afcfa3c9d3fe98a76a1d14c74a9e266d397cf6eb64be5e01/pytest-9.1.1.tar.gz", hash = "sha256:1088fbde8f2b49d95a549a195707afa7a76a3ce9bcadc26b6d71f0ffda5fe313", size = 1636369, upload-time = "2026-06-19T10:58:32.857Z" }
wheels = [
    { url = "https://files.pythonhosted.org/packages/24/25/1de2678b631f5a49215c6c96fff41ba892b0a34df68d6d80292b1b48aa7f/pytest-9.1.1-py3-none-any.whl", hash = "sha256:37a86b45efb9a47a61a36449063e8e18d0cab3161329fc099eb21783169c4f0c", size = 386536, upload-time = "2026-06-19T10:58:31.347Z" },
]

[[package]]
name = "pytest-asyncio"
version = "1.4.0"
source = { registry = "https://pypi.org/simple" }
dependencies = [
    { name = "pytest" },
]
sdist = { url = "https://files.pythonhosted.org/packages/43/7c/d36d04db312ecf4298932ef77e6e4a9e8ad017906e24e34f0b0c361a2473/pytest_asyncio-1.4.0.tar.gz", hash = "sha256:c6c0d2259945122819f171a32ecea2c349ead889ee28176caaf492143424be42", size = 58514, upload-time = "2026-05-26T09:56:04.083Z" }
wheels = [
    { url = "https://files.pythonhosted.org/packages/03/e2/08a497ef684b88559c9cc5f4ad53a37e7b99e727094a86d6ea32536d5d3c/pytest_asyncio-1.4.0-py3-none-any.whl", hash = "sha256:933ca923a23075a87fb7070c0ec272a6848489824d887c85c812670932835aa1", size = 16930, upload-time = "2026-05-26T09:56:02.576Z" },
]

[[package]]
name = "pyyaml"
version = "6.0.3"
source = { registry = "https://pypi.org/simple" }
sdist = { url = "https://files.pythonhosted.org/packages/05/8e/961c0007c59b8dd7729d542c61a4d537767a59645b82a0b521206e1e25c2/pyyaml-6.0.3.tar.gz", hash = "sha256:d76623373421df22fb4cf8817020cbb7ef15c725b9d5e45f17e189bfc384190f", size = 130960, upload-time = "2025-09-25T21:33:16.546Z" }

[[package]]
name = "sentry-sdk"
version = "2.63.0"
source = { registry = "https://pypi.org/simple" }
dependencies = [
    { name = "certifi" },
    { name = "urllib3" },
]
sdist = { url = "https://files.pythonhosted.org/packages/ba/c8/b3c970a5b186722d276cd40a05b3254e03bccc0208560aff20f612e018e8/sentry_sdk-2.63.0.tar.gz", hash = "sha256:2a1502bf864769275dbc8c2c9fc7a0f7f5e18358180b615d262d13a31ffba216", size = 912449, upload-time = "2026-06-16T12:45:57.553Z" }
wheels = [
    { url = "https://files.pythonhosted.org/packages/7b/57/cb205f7d93373120f666b9c5736dc0815524d96a9b278e7a728f018dc22a/sentry_sdk-2.63.0-py3-none-any.whl", hash = "sha256:3a9b5ddd403f79eb73bd670f75f04485819db53d28f76ced7bc09041cb0dfd6a", size = 495950, upload-time = "2026-06-16T12:45:55.819Z" },
]

[[package]]
name = "sqlalchemy"
version = "2.0.51"
source = { registry = "https://pypi.org/simple" }
dependencies = [
    { name = "greenlet", marker = "platform_machine == 'AMD64' or platform_machine == 'WIN32' or platform_machine == 'aarch64' or platform_machine == 'amd64' or platform_machine == 'ppc64le' or platform_machine == 'win32' or platform_machine == 'x86_64'" },
    { name = "typing-extensions" },
]
sdist = { url = "https://files.pythonhosted.org/packages/02/f1/a7a892f18d4d224e6b26f706531eafccc41e37594d37d304786969ee13cb/sqlalchemy-2.0.51.tar.gz", hash = "sha256:804dccd8a4a6242c4e30ad961e540e18a588f6527202f2d6791b01845d59fdc9", size = 9912201, upload-time = "2026-06-15T15:41:20.012Z" }
wheels = [
    { url = "https://files.pythonhosted.org/packages/e2/22/dbf013a12ec759e54a34a119e9e217435b3f71b2dd5c61a7ade0a25dae87/sqlalchemy-2.0.51-py3-none-any.whl", hash = "sha256:bb024d8b621d0be75f4f44ecc7c950450026e76d66dc8f791bb5331d7fed59d5", size = 1944334, upload-time = "2026-06-15T16:09:22.418Z" },
]

[[package]]
name = "sqlmodel"
version = "0.0.39"
source = { registry = "https://pypi.org/simple" }
dependencies = [
    { name = "pydantic" },
    { name = "sqlalchemy" },
    { name = "typing-extensions" },
]
sdist = { url = "https://files.pythonhosted.org/packages/68/ee/22a0559283c3cf6048678e787ed5d4959dcd00dedd8ba4567eeae684eeb1/sqlmodel-0.0.39.tar.gz", hash = "sha256:23d8e50a8d8ee936032ed79c55023a5d618dd6bc3c510bbf4909d1a7a605a570", size = 91057, upload-time = "2026-06-25T13:01:38.475Z" }
wheels = [
    { url = "https://files.pythonhosted.org/packages/cf/7d/b9813a582d4eb310be35e1fc7dfaae71207d7b62e9e53be314ebd251b53b/sqlmodel-0.0.39-py3-none-any.whl", hash = "sha256:90ebe92ce5cc11d7fff8dc7cb594790a102333c8fe7c14865254f6fc5c939795", size = 29680, upload-time = "2026-06-25T13:01:37.494Z" },
]

[[package]]
name = "tomli"
version = "2.4.1"
source = { registry = "https://pypi.org/simple" }
sdist = { url = "https://files.pythonhosted.org/packages/22/de/48c59722572767841493b26183a0d1cc411d54fd759c5607c4590b6563a6/tomli-2.4.1.tar.gz", hash = "sha256:7c7e1a961a0b2f2472c1ac5b69affa0ae1132c39adcb67aba98568702b9cc23f", size = 17543, upload-time = "2026-03-25T20:22:03.828Z" }
wheels = [
    { url = "https://files.pythonhosted.org/packages/7b/61/cceae43728b7de99d9b847560c262873a1f6c98202171fd5ed62640b494b/tomli-2.4.1-py3-none-any.whl", hash = "sha256:0d85819802132122da43cb86656f8d1f8c6587d54ae7dcaf30e90533028b49fe", size = 14583, upload-time = "2026-03-25T20:22:03.012Z" },
]

[[package]]
name = "typing-extensions"
version = "4.15.0"
source = { registry = "https://pypi.org/simple" }
sdist = { url = "https://files.pythonhosted.org/packages/72/94/1a15dd82efb362ac84269196e94cf00f187f7ed21c242792a923cdb1c61f/typing_extensions-4.15.0.tar.gz", hash = "sha256:0cea48d173cc12fa28ecabc3b837ea3cf6f38c6d1136f85cbaaf598984861466", size = 109391, upload-time = "2025-08-25T13:49:26.313Z" }
wheels = [
    { url = "https://files.pythonhosted.org/packages/18/67/36e9267722cc04a6b9f15c7f3441c2363321a3ea07da7ae0c0707beb2a9c/typing_extensions-4.15.0-py3-none-any.whl", hash = "sha256:f0fa19c6845758ab08074a0cfa8b7aecb71c999ca73d62883bc25cc018c4e548", size = 44614, upload-time = "2025-08-25T13:49:24.86Z" },
]

[[package]]
name = "typing-inspection"
version = "0.4.2"
source = { registry = "https://pypi.org/simple" }
dependencies = [
    { name = "typing-extensions" },
]
sdist = { url = "https://files.pythonhosted.org/packages/55/e3/70399cb7dd41c10ac53367ae42139cf4b1ca5f36bb3dc6c9d33acdb43655/typing_inspection-0.4.2.tar.gz", hash = "sha256:ba561c48a67c5958007083d386c3295464928b01faa735ab8547c5692e87f464", size = 75949, upload-time = "2025-10-01T02:14:41.687Z" }
wheels = [
    { url = "https://files.pythonhosted.org/packages/dc/9b/47798a6c91d8bdb567fe2698fe81e0c6b7cb7ef4d13da4114b41d239f65d/typing_inspection-0.4.2-py3-none-any.whl", hash = "sha256:4ed1cacbdc298c220f1bd249ed5287caa16f34d44ef4e9c3d0cbad5b521545e7", size = 14611, upload-time = "2025-10-01T02:14:40.154Z" },
]

[[package]]
name = "urllib3"
version = "2.7.0"
source = { registry = "https://pypi.org/simple" }
sdist = { url = "https://files.pythonhosted.org/packages/53/0c/06f8b233b8fd13b9e5ee11424ef85419ba0d8ba0b3138bf360be2ff56953/urllib3-2.7.0.tar.gz", hash = "sha256:231e0ec3b63ceb14667c67be60f2f2c40a518cb38b03af60abc813da26505f4c", size = 433602, upload-time = "2026-05-07T16:13:18.596Z" }
wheels = [
    { url = "https://files.pythonhosted.org/packages/7f/3e/5db95bcf282c52709639744ca2a8b149baccf648e39c8cc87553df9eae0c/urllib3-2.7.0-py3-none-any.whl", hash = "sha256:9fb4c81ebbb1ce9531cce37674bbc6f1360472bc18ca9a553ede278ef7276897", size = 131087, upload-time = "2026-05-07T16:13:17.151Z" },
]

[[package]]
name = "watchdog"
version = "6.0.0"
source = { registry = "https://pypi.org/simple" }
sdist = { url = "https://files.pythonhosted.org/packages/db/7d/7f3d619e951c88ed75c6037b246ddcf2d322812ee8ea189be89511721d54/watchdog-6.0.0.tar.gz", hash = "sha256:9ddf7c82fda3ae8e24decda1338ede66e1c99883db93711d8fb941eaa2d8c282", size = 131220, upload-time = "2024-11-01T14:07:13.037Z" }
wheels = [
    { url = "https://files.pythonhosted.org/packages/a9/c7/ca4bf3e518cb57a686b2feb4f55a1892fd9a3dd13f470fca14e00f80ea36/watchdog-6.0.0-py3-none-manylinux2014_aarch64.whl", hash = "sha256:7607498efa04a3542ae3e05e64da8202e58159aa1fa4acddf7678d34a35d4f13", size = 79079, upload-time = "2024-11-01T14:06:59.472Z" },
    { url = "https://files.pythonhosted.org/packages/5c/51/d46dc9332f9a647593c947b4b88e2381c8dfc0942d15b8edc0310fa4abb1/watchdog-6.0.0-py3-none-manylinux2014_armv7l.whl", hash = "sha256:9041567ee8953024c83343288ccc458fd0a2d811d6a0fd68c4c22609e3490379", size = 79078, upload-time = "2024-11-01T14:07:01.431Z" },
    { url = "https://files.pythonhosted.org/packages/d4/57/04edbf5e169cd318d5f07b4766fee38e825d64b6913ca157ca32d1a42267/watchdog-6.0.0-py3-none-manylinux2014_i686.whl", hash = "sha256:82dc3e3143c7e38ec49d61af98d6558288c415eac98486a5c581726e0737c00e", size = 79076, upload-time = "2024-11-01T14:07:02.568Z" },
    { url = "https://files.pythonhosted.org/packages/ab/cc/da8422b300e13cb187d2203f20b9253e91058aaf7db65b74142013478e66/watchdog-6.0.0-py3-none-manylinux2014_ppc64.whl", hash = "sha256:212ac9b8bf1161dc91bd09c048048a95ca3a4c4f5e5d4a7d1b1a7d5752a7f96f", size = 79077, upload-time = "2024-11-01T14:07:03.893Z" },
    { url = "https://files.pythonhosted.org/packages/2c/3b/b8964e04ae1a025c44ba8e4291f86e97fac443bca31de8bd98d3263d2fcf/watchdog-6.0.0-py3-none-manylinux2014_ppc64le.whl", hash = "sha256:e3df4cbb9a450c6d49318f6d14f4bbc80d763fa587ba46ec86f99f9e6876bb26", size = 79078, upload-time = "2024-11-01T14:07:05.189Z" },
    { url = "https://files.pythonhosted.org/packages/62/ae/a696eb424bedff7407801c257d4b1afda455fe40821a2be430e173660e81/watchdog-6.0.0-py3-none-manylinux2014_s390x.whl", hash = "sha256:2cce7cfc2008eb51feb6aab51251fd79b85d9894e98ba847408f662b3395ca3c", size = 79077, upload-time = "2024-11-01T14:07:06.376Z" },
    { url = "https://files.pythonhosted.org/packages/b5/e8/dbf020b4d98251a9860752a094d09a65e1b436ad181faf929983f697048f/watchdog-6.0.0-py3-none-manylinux2014_x86_64.whl", hash = "sha256:20ffe5b202af80ab4266dcd3e91aae72bf2da48c0d33bdb15c66658e685e94e2", size = 79078, upload-time = "2024-11-01T14:07:07.547Z" },
    { url = "https://files.pythonhosted.org/packages/07/f6/d0e5b343768e8bcb4cda79f0f2f55051bf26177ecd5651f84c07567461cf/watchdog-6.0.0-py3-none-win32.whl", hash = "sha256:07df1fdd701c5d4c8e55ef6cf55b8f0120fe1aef7ef39a1c6fc6bc2e606d517a", size = 79065, upload-time = "2024-11-01T14:07:09.525Z" },
    { url = "https://files.pythonhosted.org/packages/db/d9/c495884c6e548fce18a8f40568ff120bc3a4b7b99813081c8ac0c936fa64/watchdog-6.0.0-py3-none-win_amd64.whl", hash = "sha256:cbafb470cf848d93b5d013e2ecb245d4aa1c8fd0504e863ccefa32445359d680", size = 79070, upload-time = "2024-11-01T14:07:10.686Z" },
    { url = "https://files.pythonhosted.org/packages/33/e8/e40370e6d74ddba47f002a32919d91310d6074130fe4e17dabcafc15cbf1/watchdog-6.0.0-py3-none-win_ia64.whl", hash = "sha256:a1914259fa9e1454315171103c6a30961236f508b9b623eae470268bbcc6a22f", size = 79067, upload-time = "2024-11-01T14:07:11.845Z" },
]

[[package]]
name = "wd-bot"
version = "0.1.0"
source = { editable = "wd-bot" }
dependencies = [
    { name = "herogold", extra = ["orm"] },
    { name = "wd-config" },
]

[package.metadata]
requires-dist = [
    { name = "herogold", extras = ["orm"], specifier = ">=3.0.0" },
    { name = "wd-config", editable = "wd-config" },
]

[[package]]
name = "wd-cogs"
version = "0.1.0"
source = { editable = "wd-cogs" }
dependencies = [
    { name = "wd-core" },
    { name = "wd-db" },
    { name = "wd-discord" },
]

[package.metadata]
requires-dist = [
    { name = "wd-core", editable = "wd-core" },
    { name = "wd-db", editable = "wd-db" },
    { name = "wd-discord", editable = "wd-discord" },
]

[[package]]
name = "wd-config"
version = "0.1.0"
source = { editable = "wd-config" }
dependencies = [
    { name = "confkit" },
]

[package.metadata]
requires-dist = [{ name = "confkit", specifier = ">=2.0.0" }]

[[package]]
name = "wd-core"
version = "0.1.0"
source = { editable = "wd-core" }
dependencies = [
    { name = "sentry-sdk" },
    { name = "wd-config" },
    { name = "wd-discord" },
]

[package.metadata]
requires-dist = [
    { name = "sentry-sdk", specifier = ">=2.61.0" },
    { name = "wd-config", editable = "wd-config" },
    { name = "wd-discord", editable = "wd-discord" },
]

[[package]]
name = "wd-db"
version = "0.1.0"
source = { editable = "wd-db" }
dependencies = [
    { name = "sqlalchemy" },
    { name = "sqlmodel" },
    { name = "wd-config" },
]

[package.metadata]
requires-dist = [
    { name = "sqlalchemy", specifier = ">=2.0.0" },
    { name = "sqlmodel", specifier = ">=0.0.22" },
    { name = "wd-config", editable = "wd-config" },
]

[[package]]
name = "wd-discord"
version = "0.1.0"
source = { editable = "wd-discord" }
dependencies = [
    { name = "herogold" },
    { name = "httpxyz" },
    { name = "pydantic" },
    { name = "sentry-sdk" },
    { name = "wd-config" },
    { name = "websockets" },
]

[package.dev-dependencies]
dev = [
    { name = "pytest" },
    { name = "pytest-asyncio" },
]

[package.metadata]
requires-dist = [
    { name = "herogold", specifier = ">=3.3.0" },
    { name = "httpxyz", specifier = ">=0.31.2" },
    { name = "pydantic", specifier = ">=2.13.4" },
    { name = "sentry-sdk", specifier = ">=2.61.0" },
    { name = "wd-config", editable = "wd-config" },
    { name = "websockets", specifier = ">=16.0" },
]

[package.metadata.requires-dev]
dev = [
    { name = "pytest", specifier = ">=9.1.1" },
    { name = "pytest-asyncio", specifier = ">=1.4.0" },
]

[[package]]
name = "wd-errors"
version = "0.1.0"
source = { editable = "wd-errors" }

[[package]]
name = "wd-types"
version = "0.1.0"
source = { editable = "wd-types" }

[[package]]
name = "websockets"
version = "16.0"
source = { registry = "https://pypi.org/simple" }
sdist = { url = "https://files.pythonhosted.org/packages/04/24/4b2031d72e840ce4c1ccb255f693b15c334757fc50023e4db9537080b8c4/websockets-16.0.tar.gz", hash = "sha256:5f6261a5e56e8d5c42a4497b364ea24d94d9563e8fbd44e78ac40879c60179b5", size = 179346, upload-time = "2026-01-10T09:23:47.181Z" }
wheels = [
    { url = "https://files.pythonhosted.org/packages/6f/28/258ebab549c2bf3e64d2b0217b973467394a9cea8c42f70418ca2c5d0d2e/websockets-16.0-py3-none-any.whl", hash = "sha256:1637db62fad1dc833276dded54215f2c7fa46912301a24bd94d45d46a011ceec", size = 171598, upload-time = "2026-01-10T09:23:45.395Z" },
]

[[package]]
name = "winter-dragon"
version = "0.3.0"
source = { editable = "." }
dependencies = [
    { name = "wd-bot" },
    { name = "wd-cogs" },
    { name = "wd-config" },
    { name = "wd-core" },
    { name = "wd-db" },
    { name = "wd-discord" },
    { name = "wd-errors" },
    { name = "wd-types" },
]

[package.dev-dependencies]
docs = [
    { name = "zensical" },
]

[package.metadata]
requires-dist = [
    { name = "wd-bot", editable = "wd-bot" },
    { name = "wd-cogs", editable = "wd-cogs" },
    { name = "wd-config", editable = "wd-config" },
    { name = "wd-core", editable = "wd-core" },
    { name = "wd-db", editable = "wd-db" },
    { name = "wd-discord", editable = "wd-discord" },
    { name = "wd-errors", editable = "wd-errors" },
    { name = "wd-types", editable = "wd-types" },
]

[package.metadata.requires-dev]
docs = [{ name = "zensical", specifier = ">=0.0.55" }]

[[package]]
name = "zensical"
version = "0.0.56"
source = { registry = "https://pypi.org/simple" }
dependencies = [
    { name = "click" },
    { name = "deepmerge" },
    { name = "jinja2" },
    { name = "markdown" },
    { name = "pygments" },
    { name = "pymdown-extensions" },
    { name = "pyyaml" },
    { name = "tomli" },
]
sdist = { url = "https://files.pythonhosted.org/packages/f8/7d/18bb725a659352e9af0940a3d879c5edcff5d86fec3ac15ce500d484d9d3/zensical-0.0.56.tar.gz", hash = "sha256:c359163800d1c3a8c39af48f4e2869fcfc2b4fc00d28652bd2a5b0330c36530c", size = 3997416, upload-time = "2026-08-18T15:46:47.283Z" }
wheels = [
    { url = "https://files.pythonhosted.org/packages/8b/4b/6810aec6e670451f39639039b570a43d90bc1d4a3b93cf13316ccf6bad11/zensical-0.0.56-cp310-abi3-macosx_10_12_x86_64.whl", hash = "sha256:5135ea3aa5d1358503fc1903e866c191873b138028bc1ab170abac3a4b537ffe", size = 12874712, upload-time = "2026-08-18T15:46:18.378Z" },
    { url = "https://files.pythonhosted.org/packages/97/98/23445d8ed708088dd6d9d51674f8836b77c53aab280360d7aa7a206bea8e/zensical-0.0.56-cp310-abi3-macosx_11_0_arm64.whl", hash = "sha256:a22ae2329ba755c6e58e1fe5967ca429d580d346a73cf467ad5185377e2cf809", size = 12764552, upload-time = "2026-08-18T15:46:20.746Z" },
    { url = "https://files.pythonhosted.org/packages/14/bd/ab89450728b0a55e6a52a86060b38a362a52a1b9f02eda7fef68b729eb2e/zensical-0.0.56-cp310-abi3-manylinux_2_17_aarch64.manylinux2014_aarch64.whl", hash = "sha256:03c70ef328e31cce0e31739acdd6679e9272bc7a3016ca5eafaa16dcfda460c9", size = 13212920, upload-time = "2026-08-18T15:46:22.977Z" },
    { url = "https://files.pythonhosted.org/packages/bf/5a/969fd9a461204392a9266a544c185fbb223714b306534661dcbb7d290be7/zensical-0.0.56-cp310-abi3-manylinux_2_17_armv7l.manylinux2014_armv7l.whl", hash = "sha256:1ffc50153a50292078357a5052e7a6b3e20a818523792ffcbeace70418b761eb", size = 13146652, upload-time = "2026-08-18T15:46:25.773Z" },
    { url = "https://files.pythonhosted.org/packages/22/b3/28a7c8dea8fe2edbba75a664efbde797b5922651ea92ffc480947ab22197/zensical-0.0.56-cp310-abi3-manylinux_2_17_i686.manylinux2014_i686.whl", hash = "sha256:88bba0e339d36647ce638a42b4ba96f2521b59ea54be74c314340be7e401f94b", size = 13530946, upload-time = "2026-08-18T15:46:28.19Z" },
    { url = "https://files.pythonhosted.org/packages/d6/a6/d55a18c6e041b788af1d19e4d8c61ee9b8a7de5b9cc79ffa7bc9565e3a28/zensical-0.0.56-cp310-abi3-manylinux_2_17_x86_64.manylinux2014_x86_64.whl", hash = "sha256:8b7a37f6ac38ac218e3e0dd311b58c468603963e38ee23f2e25672dcd6e9c17b", size = 13178741, upload-time = "2026-08-18T15:46:30.378Z" },
    { url = "https://files.pythonhosted.org/packages/6c/4f/a07da2f761cfd6a27faf9e8d5a9475c396a9a0ca37424a0b67cab7ae4d2c/zensical-0.0.56-cp310-abi3-musllinux_1_2_aarch64.whl", hash = "sha256:5f6d850bce3184422b37b9d98ef4d123047a47446844793251cabc04bd55f8f0", size = 13389836, upload-time = "2026-08-18T15:46:32.847Z" },
    { url = "https://files.pythonhosted.org/packages/34/aa/697ef9846b0e2071de4d03b0472e2658380ea9271bd01235f4ffaeef1978/zensical-0.0.56-cp310-abi3-musllinux_1_2_armv7l.whl", hash = "sha256:d18944a4a111050b8f571e73d4e2475d7ce62ce78b64f09bcf33bb11cc346e1c", size = 13419551, upload-time = "2026-08-18T15:46:35.112Z" },
    { url = "https://files.pythonhosted.org/packages/97/6b/20e1b2443951d5182b3fc2ee54c200ea00c09bd8901a479be4147c94361b/zensical-0.0.56-cp310-abi3-musllinux_1_2_i686.whl", hash = "sha256:3937029ec5091d577c2a05ebccd38fde97fab28662d165ead66d566689b2a6df", size = 13579878, upload-time = "2026-08-18T15:46:37.381Z" },
    { url = "https://files.pythonhosted.org/packages/53/c7/9c3b400b8a7d78cc169b7a78d4f74a90f9114209034a604f04051f48037c/zensical-0.0.56-cp310-abi3-musllinux_1_2_x86_64.whl", hash = "sha256:346a1cdbad157633d185f79039a97c8b4f8c2b40be7d7efd56d72622f40247b0", size = 13526142, upload-time = "2026-08-18T15:46:39.949Z" },
    { url = "https://files.pythonhosted.org/packages/0e/f6/7a6f2a513054071e44a504d7157684f00ac5e5e5f741eadc78ab6c80642c/zensical-0.0.56-cp310-abi3-win32.whl", hash = "sha256:a06681046f74b5bdc506d22af8fcef505b2450e45538c7f01a5e028f4e50c6f7", size = 12433218, upload-time = "2026-08-18T15:46:42.329Z" },
    { url = "https://files.pythonhosted.org/packages/6b/ed/5b497c75fb1fd5845f3ec2f0b11b5e01f18f14c297041cd2f20d30d8b6a4/zensical-0.0.56-cp310-abi3-win_amd64.whl", hash = "sha256:c557985f12d042c15dcb7d577543d81ceee9281f96d591d265310b673437a325", size = 12702823, upload-time = "2026-08-18T15:46:44.836Z" },
]
