version = 1
revision = 3
requires-python = ">=3.15"

[manifest]
members = [
    "wd-bot",
    "wd-config",
    "wd-core",
    "wd-db",
    "wd-discord",
    "wd-errors",
    "wd-types",
    "winter-dragon",
]

[[package]]
name = "aiohappyeyeballs"
version = "2.6.1"
source = { registry = "https://pypi.org/simple" }
sdist = { url = "https://files.pythonhosted.org/packages/26/30/f84a107a9c4331c14b2b586036f40965c128aa4fee4dda5d3d51cb14ad54/aiohappyeyeballs-2.6.1.tar.gz", hash = "sha256:c3f9d0113123803ccadfdf3f0faa505bc78e6a72d1cc4806cbd719826e943558", size = 22760, upload-time = "2025-03-12T01:42:48.764Z" }
wheels = [
    { url = "https://files.pythonhosted.org/packages/0f/15/5bf3b99495fb160b63f95972b81750f18f7f4e02ad051373b669d17d44f2/aiohappyeyeballs-2.6.1-py3-none-any.whl", hash = "sha256:f349ba8f4b75cb25c99c5c2d84e997e485204d2902a9597802b0371f09331fb8", size = 15265, upload-time = "2025-03-12T01:42:47.083Z" },
]

[[package]]
name = "aiohttp"
version = "3.13.5"
source = { registry = "https://pypi.org/simple" }
dependencies = [
    { name = "aiohappyeyeballs" },
    { name = "aiosignal" },
    { name = "attrs" },
    { name = "frozenlist" },
    { name = "multidict" },
    { name = "propcache" },
    { name = "yarl" },
]
sdist = { url = "https://files.pythonhosted.org/packages/77/9a/152096d4808df8e4268befa55fba462f440f14beab85e8ad9bf990516918/aiohttp-3.13.5.tar.gz", hash = "sha256:9d98cc980ecc96be6eb4c1994ce35d28d8b1f5e5208a23b421187d1209dbb7d1", size = 7858271, upload-time = "2026-03-31T22:01:03.343Z" }

[[package]]
name = "aiosignal"
version = "1.4.0"
source = { registry = "https://pypi.org/simple" }
dependencies = [
    { name = "frozenlist" },
]
sdist = { url = "https://files.pythonhosted.org/packages/61/62/06741b579156360248d1ec624842ad0edf697050bbaf7c3e46394e106ad1/aiosignal-1.4.0.tar.gz", hash = "sha256:f47eecd9468083c2029cc99945502cb7708b082c232f9aca65da147157b251c7", size = 25007, upload-time = "2025-07-03T22:54:43.528Z" }
wheels = [
    { url = "https://files.pythonhosted.org/packages/fb/76/641ae371508676492379f16e2fa48f4e2c11741bd63c48be4b12a6b09cba/aiosignal-1.4.0-py3-none-any.whl", hash = "sha256:053243f8b92b990551949e63930a839ff0cf0b0ebbe0597b0f3fb19e1a0fe82e", size = 7490, upload-time = "2025-07-03T22:54:42.156Z" },
]

[[package]]
name = "annotated-doc"
version = "0.0.4"
source = { registry = "https://pypi.org/simple" }
sdist = { url = "https://files.pythonhosted.org/packages/57/ba/046ceea27344560984e26a590f90bc7f4a75b06701f653222458922b558c/annotated_doc-0.0.4.tar.gz", hash = "sha256:fbcda96e87e9c92ad167c2e53839e57503ecfda18804ea28102353485033faa4", size = 7288, upload-time = "2025-11-10T22:07:42.062Z" }
wheels = [
    { url = "https://files.pythonhosted.org/packages/1e/d3/26bf1008eb3d2daa8ef4cacc7f3bfdc11818d111f7e2d0201bc6e3b49d45/annotated_doc-0.0.4-py3-none-any.whl", hash = "sha256:571ac1dc6991c450b25a9c2d84a3705e2ae7a53467b5d111c24fa8baabbed320", size = 5303, upload-time = "2025-11-10T22:07:40.673Z" },
]

[[package]]
name = "annotated-types"
version = "0.7.0"
source = { registry = "https://pypi.org/simple" }
sdist = { url = "https://files.pythonhosted.org/packages/ee/67/531ea369ba64dcff5ec9c3402f9f51bf748cec26dde048a2f973a4eea7f5/annotated_types-0.7.0.tar.gz", hash = "sha256:aff07c09a53a08bc8cfccb9c85b05f1aa9a2a6f23728d790723543408344ce89", size = 16081, upload-time = "2024-05-20T21:33:25.928Z" }
wheels = [
    { url = "https://files.pythonhosted.org/packages/78/b6/6307fbef88d9b5ee7421e68d78a9f162e0da4900bc5f5793f6d3d0e34fb8/annotated_types-0.7.0-py3-none-any.whl", hash = "sha256:1f02e8b43a8fbbc3f3e0d4f0f4bfc8131bcb4eebe8849b8e5c773f3a1c582a53", size = 13643, upload-time = "2024-05-20T21:33:24.1Z" },
]

[[package]]
name = "anyio"
version = "4.13.0"
source = { registry = "https://pypi.org/simple" }
dependencies = [
    { name = "idna" },
]
sdist = { url = "https://files.pythonhosted.org/packages/19/14/2c5dd9f512b66549ae92767a9c7b330ae88e1932ca57876909410251fe13/anyio-4.13.0.tar.gz", hash = "sha256:334b70e641fd2221c1505b3890c69882fe4a2df910cba14d97019b90b24439dc", size = 231622, upload-time = "2026-03-24T12:59:09.671Z" }
wheels = [
    { url = "https://files.pythonhosted.org/packages/da/42/e921fccf5015463e32a3cf6ee7f980a6ed0f395ceeaa45060b61d86486c2/anyio-4.13.0-py3-none-any.whl", hash = "sha256:08b310f9e24a9594186fd75b4f73f4a4152069e3853f1ed8bfbf58369f4ad708", size = 114353, upload-time = "2026-03-24T12:59:08.246Z" },
]

[[package]]
name = "attrs"
version = "26.1.0"
source = { registry = "https://pypi.org/simple" }
sdist = { url = "https://files.pythonhosted.org/packages/9a/8e/82a0fe20a541c03148528be8cac2408564a6c9a0cc7e9171802bc1d26985/attrs-26.1.0.tar.gz", hash = "sha256:d03ceb89cb322a8fd706d4fb91940737b6642aa36998fe130a9bc96c985eff32", size = 952055, upload-time = "2026-03-19T14:22:25.026Z" }
wheels = [
    { url = "https://files.pythonhosted.org/packages/64/b4/17d4b0b2a2dc85a6df63d1157e028ed19f90d4cd97c36717afef2bc2f395/attrs-26.1.0-py3-none-any.whl", hash = "sha256:c647aa4a12dfbad9333ca4e71fe62ddc36f4e63b2d260a37a8b83d2f043ac309", size = 67548, upload-time = "2026-03-19T14:22:23.645Z" },
]

[[package]]
name = "audioop-lts"
version = "0.2.2"
source = { registry = "https://pypi.org/simple" }
sdist = { url = "https://files.pythonhosted.org/packages/38/53/946db57842a50b2da2e0c1e34bd37f36f5aadba1a929a3971c5d7841dbca/audioop_lts-0.2.2.tar.gz", hash = "sha256:64d0c62d88e67b98a1a5e71987b7aa7b5bcffc7dcee65b635823dbdd0a8dbbd0", size = 30686, upload-time = "2025-08-05T16:43:17.409Z" }
wheels = [
    { url = "https://files.pythonhosted.org/packages/de/d4/94d277ca941de5a507b07f0b592f199c22454eeaec8f008a286b3fbbacd6/audioop_lts-0.2.2-cp313-abi3-macosx_10_13_universal2.whl", hash = "sha256:fd3d4602dc64914d462924a08c1a9816435a2155d74f325853c1f1ac3b2d9800", size = 46523, upload-time = "2025-08-05T16:42:20.836Z" },
    { url = "https://files.pythonhosted.org/packages/f8/5a/656d1c2da4b555920ce4177167bfeb8623d98765594af59702c8873f60ec/audioop_lts-0.2.2-cp313-abi3-macosx_10_13_x86_64.whl", hash = "sha256:550c114a8df0aafe9a05442a1162dfc8fec37e9af1d625ae6060fed6e756f303", size = 27455, upload-time = "2025-08-05T16:42:22.283Z" },
    { url = "https://files.pythonhosted.org/packages/1b/83/ea581e364ce7b0d41456fb79d6ee0ad482beda61faf0cab20cbd4c63a541/audioop_lts-0.2.2-cp313-abi3-macosx_11_0_arm64.whl", hash = "sha256:9a13dc409f2564de15dd68be65b462ba0dde01b19663720c68c1140c782d1d75", size = 26997, upload-time = "2025-08-05T16:42:23.849Z" },
    { url = "https://files.pythonhosted.org/packages/b8/3b/e8964210b5e216e5041593b7d33e97ee65967f17c282e8510d19c666dab4/audioop_lts-0.2.2-cp313-abi3-manylinux1_x86_64.manylinux_2_28_x86_64.manylinux_2_5_x86_64.whl", hash = "sha256:51c916108c56aa6e426ce611946f901badac950ee2ddaf302b7ed35d9958970d", size = 85844, upload-time = "2025-08-05T16:42:25.208Z" },
    { url = "https://files.pythonhosted.org/packages/c7/2e/0a1c52faf10d51def20531a59ce4c706cb7952323b11709e10de324d6493/audioop_lts-0.2.2-cp313-abi3-manylinux2014_aarch64.manylinux_2_17_aarch64.manylinux_2_28_aarch64.whl", hash = "sha256:47eba38322370347b1c47024defbd36374a211e8dd5b0dcbce7b34fdb6f8847b", size = 85056, upload-time = "2025-08-05T16:42:26.559Z" },
    { url = "https://files.pythonhosted.org/packages/75/e8/cd95eef479656cb75ab05dfece8c1f8c395d17a7c651d88f8e6e291a63ab/audioop_lts-0.2.2-cp313-abi3-manylinux2014_ppc64le.manylinux_2_17_ppc64le.manylinux_2_28_ppc64le.whl", hash = "sha256:ba7c3a7e5f23e215cb271516197030c32aef2e754252c4c70a50aaff7031a2c8", size = 93892, upload-time = "2025-08-05T16:42:27.902Z" },
    { url = "https://files.pythonhosted.org/packages/5c/1e/a0c42570b74f83efa5cca34905b3eef03f7ab09fe5637015df538a7f3345/audioop_lts-0.2.2-cp313-abi3-manylinux2014_s390x.manylinux_2_17_s390x.manylinux_2_28_s390x.whl", hash = "sha256:def246fe9e180626731b26e89816e79aae2276f825420a07b4a647abaa84becc", size = 96660, upload-time = "2025-08-05T16:42:28.9Z" },
    { url = "https://files.pythonhosted.org/packages/50/d5/8a0ae607ca07dbb34027bac8db805498ee7bfecc05fd2c148cc1ed7646e7/audioop_lts-0.2.2-cp313-abi3-manylinux_2_31_riscv64.manylinux_2_39_riscv64.whl", hash = "sha256:e160bf9df356d841bb6c180eeeea1834085464626dc1b68fa4e1d59070affdc3", size = 79143, upload-time = "2025-08-05T16:42:29.929Z" },
    { url = "https://files.pythonhosted.org/packages/12/17/0d28c46179e7910bfb0bb62760ccb33edb5de973052cb2230b662c14ca2e/audioop_lts-0.2.2-cp313-abi3-musllinux_1_2_aarch64.whl", hash = "sha256:4b4cd51a57b698b2d06cb9993b7ac8dfe89a3b2878e96bc7948e9f19ff51dba6", size = 84313, upload-time = "2025-08-05T16:42:30.949Z" },
    { url = "https://files.pythonhosted.org/packages/84/ba/bd5d3806641564f2024e97ca98ea8f8811d4e01d9b9f9831474bc9e14f9e/audioop_lts-0.2.2-cp313-abi3-musllinux_1_2_ppc64le.whl", hash = "sha256:4a53aa7c16a60a6857e6b0b165261436396ef7293f8b5c9c828a3a203147ed4a", size = 93044, upload-time = "2025-08-05T16:42:31.959Z" },
    { url = "https://files.pythonhosted.org/packages/f9/5e/435ce8d5642f1f7679540d1e73c1c42d933331c0976eb397d1717d7f01a3/audioop_lts-0.2.2-cp313-abi3-musllinux_1_2_riscv64.whl", hash = "sha256:3fc38008969796f0f689f1453722a0f463da1b8a6fbee11987830bfbb664f623", size = 78766, upload-time = "2025-08-05T16:42:33.302Z" },
    { url = "https://files.pythonhosted.org/packages/ae/3b/b909e76b606cbfd53875693ec8c156e93e15a1366a012f0b7e4fb52d3c34/audioop_lts-0.2.2-cp313-abi3-musllinux_1_2_s390x.whl", hash = "sha256:15ab25dd3e620790f40e9ead897f91e79c0d3ce65fe193c8ed6c26cffdd24be7", size = 87640, upload-time = "2025-08-05T16:42:34.854Z" },
    { url = "https://files.pythonhosted.org/packages/30/e7/8f1603b4572d79b775f2140d7952f200f5e6c62904585d08a01f0a70393a/audioop_lts-0.2.2-cp313-abi3-musllinux_1_2_x86_64.whl", hash = "sha256:03f061a1915538fd96272bac9551841859dbb2e3bf73ebe4a23ef043766f5449", size = 86052, upload-time = "2025-08-05T16:42:35.839Z" },
    { url = "https://files.pythonhosted.org/packages/b5/96/c37846df657ccdda62ba1ae2b6534fa90e2e1b1742ca8dcf8ebd38c53801/audioop_lts-0.2.2-cp313-abi3-win32.whl", hash = "sha256:3bcddaaf6cc5935a300a8387c99f7a7fbbe212a11568ec6cf6e4bc458c048636", size = 26185, upload-time = "2025-08-05T16:42:37.04Z" },
    { url = "https://files.pythonhosted.org/packages/34/a5/9d78fdb5b844a83da8a71226c7bdae7cc638861085fff7a1d707cb4823fa/audioop_lts-0.2.2-cp313-abi3-win_amd64.whl", hash = "sha256:a2c2a947fae7d1062ef08c4e369e0ba2086049a5e598fda41122535557012e9e", size = 30503, upload-time = "2025-08-05T16:42:38.427Z" },
    { url = "https://files.pythonhosted.org/packages/34/25/20d8fde083123e90c61b51afb547bb0ea7e77bab50d98c0ab243d02a0e43/audioop_lts-0.2.2-cp313-abi3-win_arm64.whl", hash = "sha256:5f93a5db13927a37d2d09637ccca4b2b6b48c19cd9eda7b17a2e9f77edee6a6f", size = 24173, upload-time = "2025-08-05T16:42:39.704Z" },
]

[[package]]
name = "beautifulsoup4"
version = "4.14.3"
source = { registry = "https://pypi.org/simple" }
dependencies = [
    { name = "soupsieve" },
    { name = "typing-extensions" },
]
sdist = { url = "https://files.pythonhosted.org/packages/c3/b0/1c6a16426d389813b48d95e26898aff79abbde42ad353958ad95cc8c9b21/beautifulsoup4-4.14.3.tar.gz", hash = "sha256:6292b1c5186d356bba669ef9f7f051757099565ad9ada5dd630bd9de5fa7fb86", size = 627737, upload-time = "2025-11-30T15:08:26.084Z" }
wheels = [
    { url = "https://files.pythonhosted.org/packages/1a/39/47f9197bdd44df24d67ac8893641e16f386c984a0619ef2ee4c51fbbc019/beautifulsoup4-4.14.3-py3-none-any.whl", hash = "sha256:0918bfe44902e6ad8d57732ba310582e98da931428d231a5ecb9e7c703a735bb", size = 107721, upload-time = "2025-11-30T15:08:24.087Z" },
]

[[package]]
name = "bs4"
version = "0.0.2"
source = { registry = "https://pypi.org/simple" }
dependencies = [
    { name = "beautifulsoup4" },
]
sdist = { url = "https://files.pythonhosted.org/packages/c9/aa/4acaf814ff901145da37332e05bb510452ebed97bc9602695059dd46ef39/bs4-0.0.2.tar.gz", hash = "sha256:a48685c58f50fe127722417bae83fe6badf500d54b55f7e39ffe43b798653925", size = 698, upload-time = "2024-01-17T18:15:47.371Z" }
wheels = [
    { url = "https://files.pythonhosted.org/packages/51/bb/bf7aab772a159614954d84aa832c129624ba6c32faa559dfb200a534e50b/bs4-0.0.2-py2.py3-none-any.whl", hash = "sha256:abf8742c0805ef7f662dce4b51cca104cffe52b835238afc169142ab9b3fbccc", size = 1189, upload-time = "2024-01-17T18:15:48.613Z" },
]

[[package]]
name = "certifi"
version = "2026.4.22"
source = { registry = "https://pypi.org/simple" }
sdist = { url = "https://files.pythonhosted.org/packages/25/ee/6caf7a40c36a1220410afe15a1cc64993a1f864871f698c0f93acb72842a/certifi-2026.4.22.tar.gz", hash = "sha256:8d455352a37b71bf76a79caa83a3d6c25afee4a385d632127b6afb3963f1c580", size = 137077, upload-time = "2026-04-22T11:26:11.191Z" }
wheels = [
    { url = "https://files.pythonhosted.org/packages/22/30/7cd8fdcdfbc5b869528b079bfb76dcdf6056b1a2097a662e5e8c04f42965/certifi-2026.4.22-py3-none-any.whl", hash = "sha256:3cb2210c8f88ba2318d29b0388d1023c8492ff72ecdde4ebdaddbb13a31b1c4a", size = 135707, upload-time = "2026-04-22T11:26:09.372Z" },
]

[[package]]
name = "charset-normalizer"
version = "3.4.7"
source = { registry = "https://pypi.org/simple" }
sdist = { url = "https://files.pythonhosted.org/packages/e7/a1/67fe25fac3c7642725500a3f6cfe5821ad557c3abb11c9d20d12c7008d3e/charset_normalizer-3.4.7.tar.gz", hash = "sha256:ae89db9e5f98a11a4bf50407d4363e7b09b31e55bc117b4f7d80aab97ba009e5", size = 144271, upload-time = "2026-04-02T09:28:39.342Z" }
wheels = [
    { url = "https://files.pythonhosted.org/packages/db/8f/61959034484a4a7c527811f4721e75d02d653a35afb0b6054474d8185d4c/charset_normalizer-3.4.7-py3-none-any.whl", hash = "sha256:3dce51d0f5e7951f8bb4900c257dad282f49190fdbebecd4ba99bcc41fef404d", size = 61958, upload-time = "2026-04-02T09:28:37.794Z" },
]

[[package]]
name = "click"
version = "8.3.3"
source = { registry = "https://pypi.org/simple" }
dependencies = [
    { name = "colorama", marker = "sys_platform == 'win32'" },
]
sdist = { url = "https://files.pythonhosted.org/packages/bb/63/f9e1ea081ce35720d8b92acde70daaedace594dc93b693c869e0d5910718/click-8.3.3.tar.gz", hash = "sha256:398329ad4837b2ff7cbe1dd166a4c0f8900c3ca3a218de04466f38f6497f18a2", size = 328061, upload-time = "2026-04-22T15:11:27.506Z" }
wheels = [
    { url = "https://files.pythonhosted.org/packages/ae/44/c1221527f6a71a01ec6fbad7fa78f1d50dfa02217385cf0fa3eec7087d59/click-8.3.3-py3-none-any.whl", hash = "sha256:a2bf429bb3033c89fa4936ffb35d5cb471e3719e1f3c8a7c3fff0b8314305613", size = 110502, upload-time = "2026-04-22T15:11:25.044Z" },
]

[[package]]
name = "colorama"
version = "0.4.6"
source = { registry = "https://pypi.org/simple" }
sdist = { url = "https://files.pythonhosted.org/packages/d8/53/6f443c9a4a8358a93a6792e2acffb9d9d5cb0a5cfd8802644b7b1c9a02e4/colorama-0.4.6.tar.gz", hash = "sha256:08695f5cb7ed6e0531a20572697297273c47b8cae5a63ffc6d6ed5c201be6e44", size = 27697, upload-time = "2022-10-25T02:36:22.414Z" }
wheels = [
    { url = "https://files.pythonhosted.org/packages/d1/d6/3965ed04c63042e047cb6a3e6ed1a63a35087b6a609aa3a15ed8ac56c221/colorama-0.4.6-py2.py3-none-any.whl", hash = "sha256:4f1d9991f5acc0ca119f9d443620b77f9d6b33703e51011c16baf57afb285fc6", size = 25335, upload-time = "2022-10-25T02:36:20.889Z" },
]

[[package]]
name = "confkit"
version = "2.0.0"
source = { registry = "https://pypi.org/simple" }
sdist = { url = "https://files.pythonhosted.org/packages/d2/07/69d8a7124c3661c106c97a2d05e26225c7f7b0bea3971a0c41ba3996d17f/confkit-2.0.0.tar.gz", hash = "sha256:75b9fe3485af5ed9e1a71c6899bc5615d5d55721716e633c9c1e4fc29dfc3102", size = 63556, upload-time = "2026-04-12T20:47:59.991Z" }
wheels = [
    { url = "https://files.pythonhosted.org/packages/5c/50/06471f0f70fde70d9a5835cfd39133cd1d0c42e0902c44096fa8c6471f81/confkit-2.0.0-py3-none-any.whl", hash = "sha256:1858c0a640a30faea8dc4f2cace73d95ed7928641fdb3683dce13109970c21e2", size = 20486, upload-time = "2026-04-12T20:48:00.725Z" },
]

[[package]]
name = "croniter"
version = "6.2.2"
source = { registry = "https://pypi.org/simple" }
dependencies = [
    { name = "python-dateutil" },
]
sdist = { url = "https://files.pythonhosted.org/packages/df/de/5832661ed55107b8a09af3f0a2e71e0957226a59eb1dcf0a445cce6daf20/croniter-6.2.2.tar.gz", hash = "sha256:ba60832a5ec8e12e51b8691c3309a113d1cf6526bdf1a48150ce8ec7a532d0ab", size = 113762, upload-time = "2026-03-15T08:43:48.112Z" }
wheels = [
    { url = "https://files.pythonhosted.org/packages/d0/39/783980e78cb92c2d7bdb1fc7dbc86e94ccc6d58224d76a7f1f51b6c51e30/croniter-6.2.2-py3-none-any.whl", hash = "sha256:a5d17b1060974d36251ea4faf388233eca8acf0d09cbd92d35f4c4ac8f279960", size = 45422, upload-time = "2026-03-15T08:43:46.626Z" },
]

[[package]]
name = "discord-ext-prometheus"
version = "0.2.1"
source = { registry = "https://pypi.org/simple" }
dependencies = [
    { name = "discord-py" },
    { name = "prometheus-client" },
]
sdist = { url = "https://files.pythonhosted.org/packages/a8/e4/553725e355e632a73dc27f251f40c8b57400c9ffb496504013f7b02f5741/discord_ext_prometheus-0.2.1.tar.gz", hash = "sha256:a65c176d2205868bfa6cf0ad01633cc3846939696d59c21dcc4a27c949dec368", size = 10191, upload-time = "2025-02-20T01:21:45.514Z" }
wheels = [
    { url = "https://files.pythonhosted.org/packages/2d/01/41648aaa4eb04f0be18ce5565ab7034c4dbf3b9fcc970222d24bb226a8bb/discord_ext_prometheus-0.2.1-py3-none-any.whl", hash = "sha256:c2e13115c3f0fbb1a3fd3d67bff2711604742fb8742cc5e9eb80488854bf12f8", size = 5978, upload-time = "2025-02-20T01:21:43.677Z" },
]

[[package]]
name = "discord-py"
version = "2.7.1"
source = { registry = "https://pypi.org/simple" }
dependencies = [
    { name = "aiohttp" },
    { name = "audioop-lts" },
]
sdist = { url = "https://files.pythonhosted.org/packages/ef/57/9a2d9abdabdc9db8ef28ce0cf4129669e1c8717ba28d607b5ba357c4de3b/discord_py-2.7.1.tar.gz", hash = "sha256:24d5e6a45535152e4b98148a9dd6b550d25dc2c9fb41b6d670319411641249da", size = 1106326, upload-time = "2026-03-03T18:40:46.24Z" }
wheels = [
    { url = "https://files.pythonhosted.org/packages/f7/a7/17208c3b3f92319e7fad259f1c6d5a5baf8fd0654c54846ced329f83c3eb/discord_py-2.7.1-py3-none-any.whl", hash = "sha256:849dca2c63b171146f3a7f3f8acc04248098e9e6203412ce3cf2745f284f7439", size = 1227550, upload-time = "2026-03-03T18:40:44.492Z" },
]

[[package]]
name = "fastapi"
version = "0.136.1"
source = { registry = "https://pypi.org/simple" }
dependencies = [
    { name = "annotated-doc" },
    { name = "pydantic" },
    { name = "starlette" },
    { name = "typing-extensions" },
    { name = "typing-inspection" },
]
sdist = { url = "https://files.pythonhosted.org/packages/5d/45/c130091c2dfa061bbfe3150f2a5091ef1adf149f2a8d2ae769ecaf6e99a2/fastapi-0.136.1.tar.gz", hash = "sha256:7af665ad7acfa0a3baf8983d393b6b471b9da10ede59c60045f49fbc89a0fa7f", size = 397448, upload-time = "2026-04-23T16:49:44.046Z" }
wheels = [
    { url = "https://files.pythonhosted.org/packages/5a/ff/2e4eca3ade2c22fe1dea7043b8ee9dabe47753349eb1b56a202de8af6349/fastapi-0.136.1-py3-none-any.whl", hash = "sha256:a6e9d7eeada96c93a4d69cb03836b44fa34e2854accb7244a1ece36cd4781c3f", size = 117683, upload-time = "2026-04-23T16:49:42.437Z" },
]

[[package]]
name = "frozenlist"
version = "1.8.0"
source = { registry = "https://pypi.org/simple" }
sdist = { url = "https://files.pythonhosted.org/packages/2d/f5/c831fac6cc817d26fd54c7eaccd04ef7e0288806943f7cc5bbf69f3ac1f0/frozenlist-1.8.0.tar.gz", hash = "sha256:3ede829ed8d842f6cd48fc7081d7a41001a56f1f38603f9d49bf3020d59a31ad", size = 45875, upload-time = "2025-10-06T05:38:17.865Z" }
wheels = [
    { url = "https://files.pythonhosted.org/packages/9a/9a/e35b4a917281c0b8419d4207f4334c8e8c5dbf4f3f5f9ada73958d937dcc/frozenlist-1.8.0-py3-none-any.whl", hash = "sha256:0c18a16eab41e82c295618a77502e17b195883241c563b00f0aa5106fc4eaa0d", size = 13409, upload-time = "2025-10-06T05:38:16.721Z" },
]

[[package]]
name = "greenlet"
version = "3.5.0"
source = { registry = "https://pypi.org/simple" }
sdist = { url = "https://files.pythonhosted.org/packages/3c/3f/dbf99fb14bfeb88c28f16729215478c0e265cacd6dc22270c8f31bb6892f/greenlet-3.5.0.tar.gz", hash = "sha256:d419647372241bc68e957bf38d5c1f98852155e4146bd1e4121adea81f4f01e4", size = 196995, upload-time = "2026-04-27T13:37:15.544Z" }

[[package]]
name = "herogold"
version = "3.1.0"
source = { registry = "https://pypi.org/simple" }
dependencies = [
    { name = "typing-extensions" },
]
sdist = { url = "https://files.pythonhosted.org/packages/d4/ed/180fe6bec2cf0a1e3d6a58e0896a13780f630f1055a281cbfa599420778c/herogold-3.1.0.tar.gz", hash = "sha256:0612d2dd0a58d093b076e20ca0897195bcc7b0bb8c6a29307d553b1b98aa2728", size = 43957, upload-time = "2026-04-18T22:54:00.114Z" }
wheels = [
    { url = "https://files.pythonhosted.org/packages/a6/d6/09496b534266aa1975a803024aed7f6dd8f6ab34e426645d3be14074106a/herogold-3.1.0-py3-none-any.whl", hash = "sha256:c98aebe255f3840721687626d67c0ec7b58d670f2ed884ecd513501884a0956d", size = 38248, upload-time = "2026-04-18T22:53:59.049Z" },
]

[package.optional-dependencies]
orm = [
    { name = "confkit" },
    { name = "sqlmodel" },
]

[[package]]
name = "idna"
version = "3.13"
source = { registry = "https://pypi.org/simple" }
sdist = { url = "https://files.pythonhosted.org/packages/ce/cc/762dfb036166873f0059f3b7de4565e1b5bc3d6f28a414c13da27e442f99/idna-3.13.tar.gz", hash = "sha256:585ea8fe5d69b9181ec1afba340451fba6ba764af97026f92a91d4eef164a242", size = 194210, upload-time = "2026-04-22T16:42:42.314Z" }
wheels = [
    { url = "https://files.pythonhosted.org/packages/5d/13/ad7d7ca3808a898b4612b6fe93cde56b53f3034dcde235acb1f0e1df24c6/idna-3.13-py3-none-any.whl", hash = "sha256:892ea0cde124a99ce773decba204c5552b69c3c67ffd5f232eb7696135bc8bb3", size = 68629, upload-time = "2026-04-22T16:42:40.909Z" },
]

[[package]]
name = "multidict"
version = "6.7.1"
source = { registry = "https://pypi.org/simple" }
sdist = { url = "https://files.pythonhosted.org/packages/1a/c2/c2d94cbe6ac1753f3fc980da97b3d930efe1da3af3c9f5125354436c073d/multidict-6.7.1.tar.gz", hash = "sha256:ec6652a1bee61c53a3e5776b6049172c53b6aaba34f18c9ad04f82712bac623d", size = 102010, upload-time = "2026-01-26T02:46:45.979Z" }
wheels = [
    { url = "https://files.pythonhosted.org/packages/81/08/7036c080d7117f28a4af526d794aab6a84463126db031b007717c1a6676e/multidict-6.7.1-py3-none-any.whl", hash = "sha256:55d97cc6dae627efa6a6e548885712d4864b81110ac76fa4e534c03819fa4a56", size = 12319, upload-time = "2026-01-26T02:46:44.004Z" },
]

[[package]]
name = "prometheus-client"
version = "0.25.0"
source = { registry = "https://pypi.org/simple" }
sdist = { url = "https://files.pythonhosted.org/packages/1b/fb/d9aa83ffe43ce1f19e557c0971d04b90561b0cfd50762aafb01968285553/prometheus_client-0.25.0.tar.gz", hash = "sha256:5e373b75c31afb3c86f1a52fa1ad470c9aace18082d39ec0d2f918d11cc9ba28", size = 86035, upload-time = "2026-04-09T19:53:42.359Z" }
wheels = [
    { url = "https://files.pythonhosted.org/packages/8d/9b/d4b1e644385499c8346fa9b622a3f030dce14cd6ef8a1871c221a17a67e7/prometheus_client-0.25.0-py3-none-any.whl", hash = "sha256:d5aec89e349a6ec230805d0df882f3807f74fd6c1a2fa86864e3c2279059fed1", size = 64154, upload-time = "2026-04-09T19:53:41.324Z" },
]

[[package]]
name = "propcache"
version = "0.5.2"
source = { registry = "https://pypi.org/simple" }
sdist = { url = "https://files.pythonhosted.org/packages/ec/44/c87281c333769159c50594f22610f77398a47ccbfbbf23074e744e86f87c/propcache-0.5.2.tar.gz", hash = "sha256:01c4fc7480cd0598bb4b57022df55b9ca296da7fc5a8760bd8451a7e63a7d427", size = 50208, upload-time = "2026-05-08T21:02:12.199Z" }
wheels = [
    { url = "https://files.pythonhosted.org/packages/3a/ed/1cdcab6ba3d6ab7feca11fc14f0eeea80755bb53ef4e892079f31b10a25f/propcache-0.5.2-py3-none-any.whl", hash = "sha256:be1ddfcbb376e3de5d2e2db1d58d6d67463e6b4f9f040c000de8e300295465fe", size = 14036, upload-time = "2026-05-08T21:02:10.673Z" },
]

[[package]]
name = "psutil"
version = "7.2.2"
source = { registry = "https://pypi.org/simple" }
sdist = { url = "https://files.pythonhosted.org/packages/aa/c6/d1ddf4abb55e93cebc4f2ed8b5d6dbad109ecb8d63748dd2b20ab5e57ebe/psutil-7.2.2.tar.gz", hash = "sha256:0746f5f8d406af344fd547f1c8daa5f5c33dbc293bb8d6a16d80b4bb88f59372", size = 493740, upload-time = "2026-01-28T18:14:54.428Z" }
wheels = [
    { url = "https://files.pythonhosted.org/packages/e7/36/5ee6e05c9bd427237b11b3937ad82bb8ad2752d72c6969314590dd0c2f6e/psutil-7.2.2-cp36-abi3-macosx_10_9_x86_64.whl", hash = "sha256:ed0cace939114f62738d808fdcecd4c869222507e266e574799e9c0faa17d486", size = 129090, upload-time = "2026-01-28T18:15:22.168Z" },
    { url = "https://files.pythonhosted.org/packages/80/c4/f5af4c1ca8c1eeb2e92ccca14ce8effdeec651d5ab6053c589b074eda6e1/psutil-7.2.2-cp36-abi3-macosx_11_0_arm64.whl", hash = "sha256:1a7b04c10f32cc88ab39cbf606e117fd74721c831c98a27dc04578deb0c16979", size = 129859, upload-time = "2026-01-28T18:15:23.795Z" },
    { url = "https://files.pythonhosted.org/packages/b5/70/5d8df3b09e25bce090399cf48e452d25c935ab72dad19406c77f4e828045/psutil-7.2.2-cp36-abi3-manylinux2010_x86_64.manylinux_2_12_x86_64.manylinux_2_28_x86_64.whl", hash = "sha256:076a2d2f923fd4821644f5ba89f059523da90dc9014e85f8e45a5774ca5bc6f9", size = 155560, upload-time = "2026-01-28T18:15:25.976Z" },
    { url = "https://files.pythonhosted.org/packages/63/65/37648c0c158dc222aba51c089eb3bdfa238e621674dc42d48706e639204f/psutil-7.2.2-cp36-abi3-manylinux2014_aarch64.manylinux_2_17_aarch64.manylinux_2_28_aarch64.whl", hash = "sha256:b0726cecd84f9474419d67252add4ac0cd9811b04d61123054b9fb6f57df6e9e", size = 156997, upload-time = "2026-01-28T18:15:27.794Z" },
    { url = "https://files.pythonhosted.org/packages/8e/13/125093eadae863ce03c6ffdbae9929430d116a246ef69866dad94da3bfbc/psutil-7.2.2-cp36-abi3-musllinux_1_2_aarch64.whl", hash = "sha256:fd04ef36b4a6d599bbdb225dd1d3f51e00105f6d48a28f006da7f9822f2606d8", size = 148972, upload-time = "2026-01-28T18:15:29.342Z" },
    { url = "https://files.pythonhosted.org/packages/04/78/0acd37ca84ce3ddffaa92ef0f571e073faa6d8ff1f0559ab1272188ea2be/psutil-7.2.2-cp36-abi3-musllinux_1_2_x86_64.whl", hash = "sha256:b58fabe35e80b264a4e3bb23e6b96f9e45a3df7fb7eed419ac0e5947c61e47cc", size = 148266, upload-time = "2026-01-28T18:15:31.597Z" },
    { url = "https://files.pythonhosted.org/packages/b4/90/e2159492b5426be0c1fef7acba807a03511f97c5f86b3caeda6ad92351a7/psutil-7.2.2-cp37-abi3-win_amd64.whl", hash = "sha256:eb7e81434c8d223ec4a219b5fc1c47d0417b12be7ea866e24fb5ad6e84b3d988", size = 137737, upload-time = "2026-01-28T18:15:33.849Z" },
    { url = "https://files.pythonhosted.org/packages/8c/c7/7bb2e321574b10df20cbde462a94e2b71d05f9bbda251ef27d104668306a/psutil-7.2.2-cp37-abi3-win_arm64.whl", hash = "sha256:8c233660f575a5a89e6d4cb65d9f938126312bca76d8fe087b947b3a1aaac9ee", size = 134617, upload-time = "2026-01-28T18:15:36.514Z" },
]

[[package]]
name = "psycopg"
version = "3.3.4"
source = { registry = "https://pypi.org/simple" }
dependencies = [
    { name = "tzdata", marker = "sys_platform == 'win32'" },
]
sdist = { url = "https://files.pythonhosted.org/packages/db/2f/cb91e5502ec9de1de6f1b76cfbf69531932725361168bb06963620c77e2e/psycopg-3.3.4.tar.gz", hash = "sha256:e21207764952cff81b6b8bdacad9a3939f2793367fdac2987b3aac36a651b5bc", size = 165799, upload-time = "2026-05-01T23:31:55.179Z" }
wheels = [
    { url = "https://files.pythonhosted.org/packages/5c/e0/7b3dee031daae7743609ce3c746565d4a3ed7c2c186479eb48e34e838c64/psycopg-3.3.4-py3-none-any.whl", hash = "sha256:b6bbc25ccf05c8fad3b061d9db2ef0909a555171b84b07f29458a447253d679a", size = 213001, upload-time = "2026-05-01T23:20:50.816Z" },
]

[[package]]
name = "pydantic"
version = "2.13.4"
source = { registry = "https://pypi.org/simple" }
dependencies = [
    { name = "annotated-types" },
    { name = "pydantic-core" },
    { name = "typing-extensions" },
    { name = "typing-inspection" },
]
sdist = { url = "https://files.pythonhosted.org/packages/18/a5/b60d21ac674192f8ab0ba4e9fd860690f9b4a6e51ca5df118733b487d8d6/pydantic-2.13.4.tar.gz", hash = "sha256:c40756b57adaa8b1efeeced5c196f3f3b7c435f90e84ea7f443901bec8099ef6", size = 844775, upload-time = "2026-05-06T13:43:05.343Z" }
wheels = [
    { url = "https://files.pythonhosted.org/packages/fd/7b/122376b1fd3c62c1ed9dc80c931ace4844b3c55407b6fb2d199377c9736f/pydantic-2.13.4-py3-none-any.whl", hash = "sha256:45a282cde31d808236fd7ea9d919b128653c8b38b393d1c4ab335c62924d9aba", size = 472262, upload-time = "2026-05-06T13:43:02.641Z" },
]

[[package]]
name = "pydantic-core"
version = "2.46.4"
source = { registry = "https://pypi.org/simple" }
dependencies = [
    { name = "typing-extensions" },
]
sdist = { url = "https://files.pythonhosted.org/packages/9d/56/921726b776ace8d8f5db44c4ef961006580d91dc52b803c489fafd1aa249/pydantic_core-2.46.4.tar.gz", hash = "sha256:62f875393d7f270851f20523dd2e29f082bcc82292d66db2b64ea71f64b6e1c1", size = 471464, upload-time = "2026-05-06T13:37:06.98Z" }

[[package]]
name = "python-dateutil"
version = "2.9.0.post0"
source = { registry = "https://pypi.org/simple" }
dependencies = [
    { name = "six" },
]
sdist = { url = "https://files.pythonhosted.org/packages/66/c0/0c8b6ad9f17a802ee498c46e004a0eb49bc148f2fd230864601a86dcf6db/python-dateutil-2.9.0.post0.tar.gz", hash = "sha256:37dd54208da7e1cd875388217d5e00ebd4179249f90fb72437e91a35459a0ad3", size = 342432, upload-time = "2024-03-01T18:36:20.211Z" }
wheels = [
    { url = "https://files.pythonhosted.org/packages/ec/57/56b9bcc3c9c6a792fcbaf139543cee77261f3651ca9da0c93f5c1221264b/python_dateutil-2.9.0.post0-py2.py3-none-any.whl", hash = "sha256:a8b2bc7bffae282281c8140a97d3aa9c14da0b136dfe83f850eea9a5f7470427", size = 229892, upload-time = "2024-03-01T18:36:18.57Z" },
]

[[package]]
name = "redis"
version = "7.4.0"
source = { registry = "https://pypi.org/simple" }
sdist = { url = "https://files.pythonhosted.org/packages/7b/7f/3759b1d0d72b7c92f0d70ffd9dc962b7b7b5ee74e135f9d7d8ab06b8a318/redis-7.4.0.tar.gz", hash = "sha256:64a6ea7bf567ad43c964d2c30d82853f8df927c5c9017766c55a1d1ed95d18ad", size = 4943913, upload-time = "2026-03-24T09:14:37.53Z" }
wheels = [
    { url = "https://files.pythonhosted.org/packages/74/3a/95deec7db1eb53979973ebd156f3369a72732208d1391cd2e5d127062a32/redis-7.4.0-py3-none-any.whl", hash = "sha256:a9c74a5c893a5ef8455a5adb793a31bb70feb821c86eccb62eebef5a19c429ec", size = 409772, upload-time = "2026-03-24T09:14:35.968Z" },
]

[[package]]
name = "requests"
version = "2.33.1"
source = { registry = "https://pypi.org/simple" }
dependencies = [
    { name = "certifi" },
    { name = "charset-normalizer" },
    { name = "idna" },
    { name = "urllib3" },
]
sdist = { url = "https://files.pythonhosted.org/packages/5f/a4/98b9c7c6428a668bf7e42ebb7c79d576a1c3c1e3ae2d47e674b468388871/requests-2.33.1.tar.gz", hash = "sha256:18817f8c57c6263968bc123d237e3b8b08ac046f5456bd1e307ee8f4250d3517", size = 134120, upload-time = "2026-03-30T16:09:15.531Z" }
wheels = [
    { url = "https://files.pythonhosted.org/packages/d7/8e/7540e8a2036f79a125c1d2ebadf69ed7901608859186c856fa0388ef4197/requests-2.33.1-py3-none-any.whl", hash = "sha256:4e6d1ef462f3626a1f0a0a9c42dd93c63bad33f9f1c1937509b8c5c8718ab56a", size = 64947, upload-time = "2026-03-30T16:09:13.83Z" },
]

[[package]]
name = "rq"
version = "2.8.0"
source = { registry = "https://pypi.org/simple" }
dependencies = [
    { name = "click" },
    { name = "croniter" },
    { name = "redis" },
]
sdist = { url = "https://files.pythonhosted.org/packages/39/91/cdb1517255b28fdaa44d0377caa810524e6a38d24373e5ef3911b04e4228/rq-2.8.0.tar.gz", hash = "sha256:dd75b5a19016efd235143058e82fdc5658a0c1e9a76664cc7d02f721c7308a4a", size = 743395, upload-time = "2026-04-17T00:21:13.734Z" }
wheels = [
    { url = "https://files.pythonhosted.org/packages/3c/07/9a8c6ac2440f8e532260adaa3fe4a8f7edfcac4f038f3428e71cb32e13e2/rq-2.8.0-py3-none-any.whl", hash = "sha256:49d87c8d0068b890e83052050ffd18be328339ae00c9c6d5dbf2702eb06107d2", size = 119484, upload-time = "2026-04-17T00:21:11.513Z" },
]

[[package]]
name = "sentry-sdk"
version = "2.59.0"
source = { registry = "https://pypi.org/simple" }
dependencies = [
    { name = "certifi" },
    { name = "urllib3" },
]
sdist = { url = "https://files.pythonhosted.org/packages/65/e0/9bf5e5fc7442b10880f3ec0eff0ef4208b84a099606f343ec4f5445227fb/sentry_sdk-2.59.0.tar.gz", hash = "sha256:cd265808ef8bf3f3edf69b527c0a0b2b6b1322762679e55b8987db2e9584aec1", size = 447331, upload-time = "2026-05-04T12:19:06.538Z" }
wheels = [
    { url = "https://files.pythonhosted.org/packages/bf/00/b8cc413748fb6383d1582e7cda51314f99743351c462a92dc690d5b5853b/sentry_sdk-2.59.0-py2.py3-none-any.whl", hash = "sha256:abcf65ee9a9d9cdebf9ad369782408ecca9c1c792686ef06ba34f5ab233527fe", size = 468432, upload-time = "2026-05-04T12:19:04.741Z" },
]

[[package]]
name = "six"
version = "1.17.0"
source = { registry = "https://pypi.org/simple" }
sdist = { url = "https://files.pythonhosted.org/packages/94/e7/b2c673351809dca68a0e064b6af791aa332cf192da575fd474ed7d6f16a2/six-1.17.0.tar.gz", hash = "sha256:ff70335d468e7eb6ec65b95b99d3a2836546063f63acc5171de367e834932a81", size = 34031, upload-time = "2024-12-04T17:35:28.174Z" }
wheels = [
    { url = "https://files.pythonhosted.org/packages/b7/ce/149a00dd41f10bc29e5921b496af8b574d8413afcd5e30dfa0ed46c2cc5e/six-1.17.0-py2.py3-none-any.whl", hash = "sha256:4721f391ed90541fddacab5acf947aa0d3dc7d27b2e1e8eda2be8970586c3274", size = 11050, upload-time = "2024-12-04T17:35:26.475Z" },
]

[[package]]
name = "soupsieve"
version = "2.8.3"
source = { registry = "https://pypi.org/simple" }
sdist = { url = "https://files.pythonhosted.org/packages/7b/ae/2d9c981590ed9999a0d91755b47fc74f74de286b0f5cee14c9269041e6c4/soupsieve-2.8.3.tar.gz", hash = "sha256:3267f1eeea4251fb42728b6dfb746edc9acaffc4a45b27e19450b676586e8349", size = 118627, upload-time = "2026-01-20T04:27:02.457Z" }
wheels = [
    { url = "https://files.pythonhosted.org/packages/46/2c/1462b1d0a634697ae9e55b3cecdcb64788e8b7d63f54d923fcd0bb140aed/soupsieve-2.8.3-py3-none-any.whl", hash = "sha256:ed64f2ba4eebeab06cc4962affce381647455978ffc1e36bb79a545b91f45a95", size = 37016, upload-time = "2026-01-20T04:27:01.012Z" },
]

[[package]]
name = "sqlalchemy"
version = "2.0.49"
source = { registry = "https://pypi.org/simple" }
dependencies = [
    { name = "greenlet", marker = "platform_machine == 'AMD64' or platform_machine == 'WIN32' or platform_machine == 'aarch64' or platform_machine == 'amd64' or platform_machine == 'ppc64le' or platform_machine == 'win32' or platform_machine == 'x86_64'" },
    { name = "typing-extensions" },
]
sdist = { url = "https://files.pythonhosted.org/packages/09/45/461788f35e0364a8da7bda51a1fe1b09762d0c32f12f63727998d85a873b/sqlalchemy-2.0.49.tar.gz", hash = "sha256:d15950a57a210e36dd4cec1aac22787e2a4d57ba9318233e2ef8b2daf9ff2d5f", size = 9898221, upload-time = "2026-04-03T16:38:11.704Z" }
wheels = [
    { url = "https://files.pythonhosted.org/packages/e5/30/8519fdde58a7bdf155b714359791ad1dc018b47d60269d5d160d311fdc36/sqlalchemy-2.0.49-py3-none-any.whl", hash = "sha256:ec44cfa7ef1a728e88ad41674de50f6db8cfdb3e2af84af86e0041aaf02d43d0", size = 1942158, upload-time = "2026-04-03T16:53:44.135Z" },
]

[[package]]
name = "sqlmodel"
version = "0.0.38"
source = { registry = "https://pypi.org/simple" }
dependencies = [
    { name = "pydantic" },
    { name = "sqlalchemy" },
    { name = "typing-extensions" },
]
sdist = { url = "https://files.pythonhosted.org/packages/64/0d/26ec1329960ea9430131fe63f63a95ea4cb8971d49c891ff7e1f3255421c/sqlmodel-0.0.38.tar.gz", hash = "sha256:d583ec237b14103809f74e8630032bc40ab68cd6b754a610f0813c56911a547b", size = 86710, upload-time = "2026-04-02T21:03:55.571Z" }
wheels = [
    { url = "https://files.pythonhosted.org/packages/72/c7/10c60af0607ab6fa136264f7f39d205932218516226d38585324ffda705d/sqlmodel-0.0.38-py3-none-any.whl", hash = "sha256:84e3fa990a77395461ded72a6c73173438ce8449d5c1c4d97fbff1b1df692649", size = 27294, upload-time = "2026-04-02T21:03:56.406Z" },
]

[[package]]
name = "starlette"
version = "1.0.0"
source = { registry = "https://pypi.org/simple" }
dependencies = [
    { name = "anyio" },
]
sdist = { url = "https://files.pythonhosted.org/packages/81/69/17425771797c36cded50b7fe44e850315d039f28b15901ab44839e70b593/starlette-1.0.0.tar.gz", hash = "sha256:6a4beaf1f81bb472fd19ea9b918b50dc3a77a6f2e190a12954b25e6ed5eea149", size = 2655289, upload-time = "2026-03-22T18:29:46.779Z" }
wheels = [
    { url = "https://files.pythonhosted.org/packages/0b/c9/584bc9651441b4ba60cc4d557d8a547b5aff901af35bda3a4ee30c819b82/starlette-1.0.0-py3-none-any.whl", hash = "sha256:d3ec55e0bb321692d275455ddfd3df75fff145d009685eb40dc91fc66b03d38b", size = 72651, upload-time = "2026-03-22T18:29:45.111Z" },
]

[[package]]
name = "typing-extensions"
version = "4.15.0"
source = { registry = "https://pypi.org/simple" }
sdist = { url = "https://files.pythonhosted.org/packages/72/94/1a15dd82efb362ac84269196e94cf00f187f7ed21c242792a923cdb1c61f/typing_extensions-4.15.0.tar.gz", hash = "sha256:0cea48d173cc12fa28ecabc3b837ea3cf6f38c6d1136f85cbaaf598984861466", size = 109391, upload-time = "2025-08-25T13:49:26.313Z" }
wheels = [
    { url = "https://files.pythonhosted.org/packages/18/67/36e9267722cc04a6b9f15c7f3441c2363321a3ea07da7ae0c0707beb2a9c/typing_extensions-4.15.0-py3-none-any.whl", hash = "sha256:f0fa19c6845758ab08074a0cfa8b7aecb71c999ca73d62883bc25cc018c4e548", size = 44614, upload-time = "2025-08-25T13:49:24.86Z" },
]

[[package]]
name = "typing-inspection"
version = "0.4.2"
source = { registry = "https://pypi.org/simple" }
dependencies = [
    { name = "typing-extensions" },
]
sdist = { url = "https://files.pythonhosted.org/packages/55/e3/70399cb7dd41c10ac53367ae42139cf4b1ca5f36bb3dc6c9d33acdb43655/typing_inspection-0.4.2.tar.gz", hash = "sha256:ba561c48a67c5958007083d386c3295464928b01faa735ab8547c5692e87f464", size = 75949, upload-time = "2025-10-01T02:14:41.687Z" }
wheels = [
    { url = "https://files.pythonhosted.org/packages/dc/9b/47798a6c91d8bdb567fe2698fe81e0c6b7cb7ef4d13da4114b41d239f65d/typing_inspection-0.4.2-py3-none-any.whl", hash = "sha256:4ed1cacbdc298c220f1bd249ed5287caa16f34d44ef4e9c3d0cbad5b521545e7", size = 14611, upload-time = "2025-10-01T02:14:40.154Z" },
]

[[package]]
name = "tzdata"
version = "2026.2"
source = { registry = "https://pypi.org/simple" }
sdist = { url = "https://files.pythonhosted.org/packages/ba/19/1b9b0e29f30c6d35cb345486df41110984ea67ae69dddbc0e8a100999493/tzdata-2026.2.tar.gz", hash = "sha256:9173fde7d80d9018e02a662e168e5a2d04f87c41ea174b139fbef642eda62d10", size = 198254, upload-time = "2026-04-24T15:22:08.651Z" }
wheels = [
    { url = "https://files.pythonhosted.org/packages/ce/e4/dccd7f47c4b64213ac01ef921a1337ee6e30e8c6466046018326977efd95/tzdata-2026.2-py2.py3-none-any.whl", hash = "sha256:bbe9af844f658da81a5f95019480da3a89415801f6cc966806612cc7169bffe7", size = 349321, upload-time = "2026-04-24T15:22:05.876Z" },
]

[[package]]
name = "urllib3"
version = "2.7.0"
source = { registry = "https://pypi.org/simple" }
sdist = { url = "https://files.pythonhosted.org/packages/53/0c/06f8b233b8fd13b9e5ee11424ef85419ba0d8ba0b3138bf360be2ff56953/urllib3-2.7.0.tar.gz", hash = "sha256:231e0ec3b63ceb14667c67be60f2f2c40a518cb38b03af60abc813da26505f4c", size = 433602, upload-time = "2026-05-07T16:13:18.596Z" }
wheels = [
    { url = "https://files.pythonhosted.org/packages/7f/3e/5db95bcf282c52709639744ca2a8b149baccf648e39c8cc87553df9eae0c/urllib3-2.7.0-py3-none-any.whl", hash = "sha256:9fb4c81ebbb1ce9531cce37674bbc6f1360472bc18ca9a553ede278ef7276897", size = 131087, upload-time = "2026-05-07T16:13:17.151Z" },
]

[[package]]
name = "wd-bot"
version = "0.1.0"
source = { editable = "wd-bot" }
dependencies = [
    { name = "herogold", extra = ["orm"] },
]

[package.metadata]
requires-dist = [{ name = "herogold", extras = ["orm"], specifier = ">=3.0.0" }]

[[package]]
name = "wd-config"
version = "0.1.0"
source = { editable = "wd-config" }

[[package]]
name = "wd-core"
version = "0.1.0"
source = { editable = "wd-core" }
dependencies = [
    { name = "discord-py" },
    { name = "wd-discord" },
]

[package.metadata]
requires-dist = [
    { name = "discord-py", specifier = ">=2.7.1" },
    { name = "wd-discord", editable = "wd-discord" },
]

[[package]]
name = "wd-db"
version = "0.1.0"
source = { editable = "wd-db" }

[[package]]
name = "wd-discord"
version = "0.1.0"
source = { editable = "wd-discord" }

[[package]]
name = "wd-errors"
version = "0.1.0"
source = { editable = "wd-errors" }

[[package]]
name = "wd-types"
version = "0.1.0"
source = { editable = "wd-types" }

[[package]]
name = "winter-dragon"
version = "0.3.0"
source = { editable = "." }
dependencies = [
    { name = "bs4" },
    { name = "confkit" },
    { name = "discord-ext-prometheus" },
    { name = "discord-py" },
    { name = "herogold" },
    { name = "psutil" },
    { name = "psycopg" },
    { name = "redis" },
    { name = "requests" },
    { name = "rq" },
    { name = "sentry-sdk" },
    { name = "sqlmodel" },
    { name = "wd-bot" },
    { name = "wd-config" },
    { name = "wd-core" },
    { name = "wd-db" },
    { name = "wd-discord" },
    { name = "wd-errors" },
    { name = "wd-types" },
]

[package.optional-dependencies]
api = [
    { name = "fastapi" },
]

[package.metadata]
requires-dist = [
    { name = "bs4", specifier = ">=0.0.2" },
    { name = "cassiopeia", marker = "python_full_version < '3.15'", specifier = ">=5.2.0" },
    { name = "confkit", specifier = "==2.0.0" },
    { name = "discord-ext-prometheus", specifier = ">=0.2.1" },
    { name = "discord-py", specifier = ">=2.7.1" },
    { name = "fastapi", marker = "extra == 'api'", specifier = ">=0.136.0" },
    { name = "herogold", specifier = ">=3.0.0" },
    { name = "matplotlib", marker = "python_full_version < '3.15'", specifier = ">=3.10.8" },
    { name = "psutil", specifier = ">=7.2.2" },
    { name = "psycopg", specifier = ">=3.2.0" },
    { name = "redis", specifier = ">=7.4.0" },
    { name = "requests", specifier = ">=2.33.1" },
    { name = "rq", specifier = ">=2.7.0" },
    { name = "sentry-sdk", specifier = ">=2.58.0" },
    { name = "sqlmodel", specifier = ">=0.0.38" },
    { name = "wd-bot", editable = "wd-bot" },
    { name = "wd-config", editable = "wd-config" },
    { name = "wd-core", editable = "wd-core" },
    { name = "wd-db", editable = "wd-db" },
    { name = "wd-discord", editable = "wd-discord" },
    { name = "wd-errors", editable = "wd-errors" },
    { name = "wd-types", editable = "wd-types" },
]
provides-extras = ["api"]

[[package]]
name = "yarl"
version = "1.23.0"
source = { registry = "https://pypi.org/simple" }
dependencies = [
    { name = "idna" },
    { name = "multidict" },
    { name = "propcache" },
]
sdist = { url = "https://files.pythonhosted.org/packages/23/6e/beb1beec874a72f23815c1434518bfc4ed2175065173fb138c3705f658d4/yarl-1.23.0.tar.gz", hash = "sha256:53b1ea6ca88ebd4420379c330aea57e258408dd0df9af0992e5de2078dc9f5d5", size = 194676, upload-time = "2026-03-01T22:07:53.373Z" }
wheels = [
    { url = "https://files.pythonhosted.org/packages/69/68/c8739671f5699c7dc470580a4f821ef37c32c4cb0b047ce223a7f115757f/yarl-1.23.0-py3-none-any.whl", hash = "sha256:a2df6afe50dea8ae15fa34c9f824a3ee958d785fd5d089063d960bae1daa0a3f", size = 48288, upload-time = "2026-03-01T22:07:51.388Z" },
]
